// !$*UTF8*$!
{
	archiveVersion = 1;
	classes = {
	};
	objectVersion = 50;
	objects = {

/* Begin PBXBuildFile section */
		3D40B8AD2192E20C00FE7228 /* QExtensionUICore.swift in Sources */ = {isa = PBXBuildFile; fileRef = 3D40B84D2192E20800FE7228 /* QExtensionUICore.swift */; };
		3D40B8AE2192E20C00FE7228 /* QiscusUploaderVC.xib in Resources */ = {isa = PBXBuildFile; fileRef = 3D40B84E2192E20900FE7228 /* QiscusUploaderVC.xib */; };
		3D40B8AF2192E20C00FE7228 /* QUIBaseChatCell.swift in Sources */ = {isa = PBXBuildFile; fileRef = 3D40B84F2192E20900FE7228 /* QUIBaseChatCell.swift */; };
		3D40B8B12192E20C00FE7228 /* CardCommentModel.swift in Sources */ = {isa = PBXBuildFile; fileRef = 3D40B8522192E20900FE7228 /* CardCommentModel.swift */; };
		3D40B8B32192E20C00FE7228 /* CommentModel.swift in Sources */ = {isa = PBXBuildFile; fileRef = 3D40B8542192E20900FE7228 /* CommentModel.swift */; };
		3D40B8B42192E20C00FE7228 /* UIView.swift in Sources */ = {isa = PBXBuildFile; fileRef = 3D40B8562192E20900FE7228 /* UIView.swift */; };
		3D40B8B52192E20C00FE7228 /* ViewController.swift in Sources */ = {isa = PBXBuildFile; fileRef = 3D40B8572192E20900FE7228 /* ViewController.swift */; };
		3D40B8B62192E20C00FE7228 /* NavigationBar.swift in Sources */ = {isa = PBXBuildFile; fileRef = 3D40B8582192E20900FE7228 /* NavigationBar.swift */; };
		3D40B8B72192E20C00FE7228 /* Background.swift in Sources */ = {isa = PBXBuildFile; fileRef = 3D40B8592192E20900FE7228 /* Background.swift */; };
		3D40B8B82192E20C00FE7228 /* UIImage.swift in Sources */ = {isa = PBXBuildFile; fileRef = 3D40B85A2192E20900FE7228 /* UIImage.swift */; };
		3D40B8BA2192E20C00FE7228 /* QiscusChatVC.swift in Sources */ = {isa = PBXBuildFile; fileRef = 3D40B85C2192E20900FE7228 /* QiscusChatVC.swift */; };
		3D40B8BB2192E20C00FE7228 /* QPopUpView.swift in Sources */ = {isa = PBXBuildFile; fileRef = 3D40B85E2192E20900FE7228 /* QPopUpView.swift */; };
		3D40B8BE2192E20C00FE7228 /* QLoadingViewController.swift in Sources */ = {isa = PBXBuildFile; fileRef = 3D40B8612192E20900FE7228 /* QLoadingViewController.swift */; };
		3D40B8BF2192E20C00FE7228 /* QPopUpView.xib in Resources */ = {isa = PBXBuildFile; fileRef = 3D40B8622192E20900FE7228 /* QPopUpView.xib */; };
		3D40B8C22192E20C00FE7228 /* QCardButton.swift in Sources */ = {isa = PBXBuildFile; fileRef = 3D40B8652192E20900FE7228 /* QCardButton.swift */; };
		3D40B8C52192E20C00FE7228 /* QiscusHelper.swift in Sources */ = {isa = PBXBuildFile; fileRef = 3D40B86A2192E20A00FE7228 /* QiscusHelper.swift */; };
		3D40B8C62192E20C00FE7228 /* ChatPreviewDocVC.swift in Sources */ = {isa = PBXBuildFile; fileRef = 3D40B86B2192E20A00FE7228 /* ChatPreviewDocVC.swift */; };
		3D40B8C72192E20C00FE7228 /* ChatPreviewDocVC.xib in Resources */ = {isa = PBXBuildFile; fileRef = 3D40B86C2192E20A00FE7228 /* ChatPreviewDocVC.xib */; };
		3D40B8C92192E20C00FE7228 /* CustomChatInput.swift in Sources */ = {isa = PBXBuildFile; fileRef = 3D40B86F2192E20A00FE7228 /* CustomChatInput.swift */; };
		3D40B8CA2192E20C00FE7228 /* CustomChatInput.xib in Resources */ = {isa = PBXBuildFile; fileRef = 3D40B8702192E20A00FE7228 /* CustomChatInput.xib */; };
		3D40B8CB2192E20C00FE7228 /* QTextLeftCell.xib in Resources */ = {isa = PBXBuildFile; fileRef = 3D40B8722192E20A00FE7228 /* QTextLeftCell.xib */; };
		3D40B8CC2192E20C00FE7228 /* QContactRightCell.xib in Resources */ = {isa = PBXBuildFile; fileRef = 3D40B8732192E20A00FE7228 /* QContactRightCell.xib */; };
		3D40B8CD2192E20C00FE7228 /* QPostbackLeftCell.xib in Resources */ = {isa = PBXBuildFile; fileRef = 3D40B8742192E20A00FE7228 /* QPostbackLeftCell.xib */; };
		3D40B8CE2192E20C00FE7228 /* QDocumentLeftCell.xib in Resources */ = {isa = PBXBuildFile; fileRef = 3D40B8752192E20A00FE7228 /* QDocumentLeftCell.xib */; };
		3D40B8CF2192E20C00FE7228 /* QMediaLeftCell.swift in Sources */ = {isa = PBXBuildFile; fileRef = 3D40B8762192E20A00FE7228 /* QMediaLeftCell.swift */; };
		3D40B8D02192E20C00FE7228 /* QLocationLeftCell.xib in Resources */ = {isa = PBXBuildFile; fileRef = 3D40B8772192E20A00FE7228 /* QLocationLeftCell.xib */; };
		3D40B8D12192E20C00FE7228 /* QCarouselCardCell.swift in Sources */ = {isa = PBXBuildFile; fileRef = 3D40B8792192E20A00FE7228 /* QCarouselCardCell.swift */; };
		3D40B8D22192E20C00FE7228 /* QCarouselCardCell.xib in Resources */ = {isa = PBXBuildFile; fileRef = 3D40B87A2192E20A00FE7228 /* QCarouselCardCell.xib */; };
		3D40B8D32192E20C00FE7228 /* QImageLeftCell.swift in Sources */ = {isa = PBXBuildFile; fileRef = 3D40B87B2192E20A00FE7228 /* QImageLeftCell.swift */; };
		3D40B8D42192E20C00FE7228 /* QTextRightCell.xib in Resources */ = {isa = PBXBuildFile; fileRef = 3D40B87C2192E20A00FE7228 /* QTextRightCell.xib */; };
		3D40B8D52192E20C00FE7228 /* QImageLeftCell.xib in Resources */ = {isa = PBXBuildFile; fileRef = 3D40B87D2192E20A00FE7228 /* QImageLeftCell.xib */; };
		3D40B8D62192E20C00FE7228 /* QTextLeftCell.swift in Sources */ = {isa = PBXBuildFile; fileRef = 3D40B87E2192E20A00FE7228 /* QTextLeftCell.swift */; };
		3D40B8D72192E20C00FE7228 /* QSystemCell.xib in Resources */ = {isa = PBXBuildFile; fileRef = 3D40B87F2192E20A00FE7228 /* QSystemCell.xib */; };
		3D40B8D82192E20C00FE7228 /* QLocationRightCell.swift in Sources */ = {isa = PBXBuildFile; fileRef = 3D40B8802192E20A00FE7228 /* QLocationRightCell.swift */; };
		3D40B8D92192E20C00FE7228 /* QLocationRightCell.xib in Resources */ = {isa = PBXBuildFile; fileRef = 3D40B8812192E20A00FE7228 /* QLocationRightCell.xib */; };
		3D40B8DA2192E20C00FE7228 /* QPostbackLeftCell.swift in Sources */ = {isa = PBXBuildFile; fileRef = 3D40B8822192E20A00FE7228 /* QPostbackLeftCell.swift */; };
		3D40B8DB2192E20C00FE7228 /* QReplyLeftCell.xib in Resources */ = {isa = PBXBuildFile; fileRef = 3D40B8832192E20A00FE7228 /* QReplyLeftCell.xib */; };
		3D40B8DC2192E20C00FE7228 /* QMediaLeftCell.xib in Resources */ = {isa = PBXBuildFile; fileRef = 3D40B8842192E20A00FE7228 /* QMediaLeftCell.xib */; };
		3D40B8DD2192E20C00FE7228 /* QDocumentLeftCell.swift in Sources */ = {isa = PBXBuildFile; fileRef = 3D40B8852192E20A00FE7228 /* QDocumentLeftCell.swift */; };
		3D40B8DE2192E20C00FE7228 /* QReplyRightCell.xib in Resources */ = {isa = PBXBuildFile; fileRef = 3D40B8862192E20A00FE7228 /* QReplyRightCell.xib */; };
		3D40B8DF2192E20C00FE7228 /* QReplyLeftCell.swift in Sources */ = {isa = PBXBuildFile; fileRef = 3D40B8872192E20A00FE7228 /* QReplyLeftCell.swift */; };
		3D40B8E02192E20C00FE7228 /* QDocumentRightCell.swift in Sources */ = {isa = PBXBuildFile; fileRef = 3D40B8882192E20A00FE7228 /* QDocumentRightCell.swift */; };
		3D40B8E12192E20C00FE7228 /* QContactLeftCell.swift in Sources */ = {isa = PBXBuildFile; fileRef = 3D40B8892192E20A00FE7228 /* QContactLeftCell.swift */; };
		3D40B8E22192E20C00FE7228 /* QAudioLeftCell.xib in Resources */ = {isa = PBXBuildFile; fileRef = 3D40B88A2192E20A00FE7228 /* QAudioLeftCell.xib */; };
		3D40B8E32192E20C00FE7228 /* QContactRightCell.swift in Sources */ = {isa = PBXBuildFile; fileRef = 3D40B88B2192E20A00FE7228 /* QContactRightCell.swift */; };
		3D40B8E42192E20C00FE7228 /* QCarouselCell.xib in Resources */ = {isa = PBXBuildFile; fileRef = 3D40B88C2192E20A00FE7228 /* QCarouselCell.xib */; };
		3D40B8E52192E20C00FE7228 /* QAudioLeftCell.swift in Sources */ = {isa = PBXBuildFile; fileRef = 3D40B88D2192E20A00FE7228 /* QAudioLeftCell.swift */; };
		3D40B8E62192E20C00FE7228 /* QSystemCell.swift in Sources */ = {isa = PBXBuildFile; fileRef = 3D40B88E2192E20A00FE7228 /* QSystemCell.swift */; };
		3D40B8E72192E20C00FE7228 /* QContactLeftCell.xib in Resources */ = {isa = PBXBuildFile; fileRef = 3D40B88F2192E20A00FE7228 /* QContactLeftCell.xib */; };
		3D40B8E82192E20C00FE7228 /* QCarouselCell.swift in Sources */ = {isa = PBXBuildFile; fileRef = 3D40B8902192E20A00FE7228 /* QCarouselCell.swift */; };
		3D40B8E92192E20C00FE7228 /* QImageRightCell.xib in Resources */ = {isa = PBXBuildFile; fileRef = 3D40B8912192E20A00FE7228 /* QImageRightCell.xib */; };
		3D40B8EA2192E20C00FE7228 /* QAudioRightCell.swift in Sources */ = {isa = PBXBuildFile; fileRef = 3D40B8922192E20A00FE7228 /* QAudioRightCell.swift */; };
		3D40B8EB2192E20C00FE7228 /* QReplyRightCell.swift in Sources */ = {isa = PBXBuildFile; fileRef = 3D40B8932192E20A00FE7228 /* QReplyRightCell.swift */; };
		3D40B8EC2192E20C00FE7228 /* QAudioRightCell.xib in Resources */ = {isa = PBXBuildFile; fileRef = 3D40B8942192E20A00FE7228 /* QAudioRightCell.xib */; };
		3D40B8ED2192E20C00FE7228 /* QTextRightCell.swift in Sources */ = {isa = PBXBuildFile; fileRef = 3D40B8952192E20A00FE7228 /* QTextRightCell.swift */; };
		3D40B8EE2192E20C00FE7228 /* QDocumentRightCell.xib in Resources */ = {isa = PBXBuildFile; fileRef = 3D40B8962192E20A00FE7228 /* QDocumentRightCell.xib */; };
		3D40B8EF2192E20C00FE7228 /* QLocationLeftCell.swift in Sources */ = {isa = PBXBuildFile; fileRef = 3D40B8972192E20A00FE7228 /* QLocationLeftCell.swift */; };
		3D40B8F02192E20C00FE7228 /* QImageRightCell.swift in Sources */ = {isa = PBXBuildFile; fileRef = 3D40B8982192E20A00FE7228 /* QImageRightCell.swift */; };
		3D40B8F12192E20C00FE7228 /* QiscusUploaderVC.swift in Sources */ = {isa = PBXBuildFile; fileRef = 3D40B8992192E20B00FE7228 /* QiscusUploaderVC.swift */; };
		3D40B8F22192E20C00FE7228 /* QRoomListDefaultCell.xib in Resources */ = {isa = PBXBuildFile; fileRef = 3D40B89B2192E20B00FE7228 /* QRoomListDefaultCell.xib */; };
		3D40B8F32192E20C00FE7228 /* ChatListViewController.swift in Sources */ = {isa = PBXBuildFile; fileRef = 3D40B89C2192E20B00FE7228 /* ChatListViewController.swift */; };
		3D40B8F42192E20C00FE7228 /* QRoomListCell.swift in Sources */ = {isa = PBXBuildFile; fileRef = 3D40B89D2192E20B00FE7228 /* QRoomListCell.swift */; };
		3D40B8F52192E20C00FE7228 /* QSearchListCell.swift in Sources */ = {isa = PBXBuildFile; fileRef = 3D40B89E2192E20B00FE7228 /* QSearchListCell.swift */; };
		3D40B8F62192E20C00FE7228 /* QRoomListDefaultCell.swift in Sources */ = {isa = PBXBuildFile; fileRef = 3D40B89F2192E20B00FE7228 /* QRoomListDefaultCell.swift */; };
		3D40B8F72192E20C00FE7228 /* QSearchListDefaultCell.xib in Resources */ = {isa = PBXBuildFile; fileRef = 3D40B8A02192E20B00FE7228 /* QSearchListDefaultCell.xib */; };
		3D40B8F82192E20C00FE7228 /* QSearchListDefaultCell.swift in Sources */ = {isa = PBXBuildFile; fileRef = 3D40B8A12192E20B00FE7228 /* QSearchListDefaultCell.swift */; };
		3D40B8F92192E20C00FE7228 /* MultipleImageCell.xib in Resources */ = {isa = PBXBuildFile; fileRef = 3D40B8A22192E20B00FE7228 /* MultipleImageCell.xib */; };
		3D40B8FB2192E20C00FE7228 /* MultipleImageCell.swift in Sources */ = {isa = PBXBuildFile; fileRef = 3D40B8A42192E20B00FE7228 /* MultipleImageCell.swift */; };
		3D40B8FD2192E20C00FE7228 /* QiscusNotification.swift in Sources */ = {isa = PBXBuildFile; fileRef = 3D40B8A62192E20C00FE7228 /* QiscusNotification.swift */; };
		3D40B8FE2192E20C00FE7228 /* QiscusAssetsConfiguration.swift in Sources */ = {isa = PBXBuildFile; fileRef = 3D40B8A82192E20C00FE7228 /* QiscusAssetsConfiguration.swift */; };
		3D40B8FF2192E20C00FE7228 /* QiscusTextConfiguration.swift in Sources */ = {isa = PBXBuildFile; fileRef = 3D40B8A92192E20C00FE7228 /* QiscusTextConfiguration.swift */; };
		3D40B9002192E20C00FE7228 /* QiscusColorConfiguration.swift in Sources */ = {isa = PBXBuildFile; fileRef = 3D40B8AA2192E20C00FE7228 /* QiscusColorConfiguration.swift */; };
		3D40B9012192E20C00FE7228 /* QiscusUIConfiguration.swift in Sources */ = {isa = PBXBuildFile; fileRef = 3D40B8AB2192E20C00FE7228 /* QiscusUIConfiguration.swift */; };
		3D40B9022192E20C00FE7228 /* QiscusChatVC.xib in Resources */ = {isa = PBXBuildFile; fileRef = 3D40B8AC2192E20C00FE7228 /* QiscusChatVC.xib */; };
		3DCF6A3A2199277F00C108E6 /* LoginViewController.swift in Sources */ = {isa = PBXBuildFile; fileRef = 3DCF6A382199277E00C108E6 /* LoginViewController.swift */; };
		3DCF6A3B2199277F00C108E6 /* LoginViewController.xib in Resources */ = {isa = PBXBuildFile; fileRef = 3DCF6A392199277E00C108E6 /* LoginViewController.xib */; };
		3DDEFB652192D35600484795 /* AppDelegate.swift in Sources */ = {isa = PBXBuildFile; fileRef = 3DDEFB642192D35600484795 /* AppDelegate.swift */; };
		3DDEFB6A2192D35600484795 /* Main.storyboard in Resources */ = {isa = PBXBuildFile; fileRef = 3DDEFB682192D35600484795 /* Main.storyboard */; };
		3DDEFB6C2192D35D00484795 /* Assets.xcassets in Resources */ = {isa = PBXBuildFile; fileRef = 3DDEFB6B2192D35D00484795 /* Assets.xcassets */; };
		3DDEFB6F2192D35D00484795 /* LaunchScreen.storyboard in Resources */ = {isa = PBXBuildFile; fileRef = 3DDEFB6D2192D35D00484795 /* LaunchScreen.storyboard */; };
		EE4AD92B42D67598F6C5EEA2 /* Pods_Example.framework in Frameworks */ = {isa = PBXBuildFile; fileRef = 93E910F3CE92601E11DB86C8 /* Pods_Example.framework */; };
/* End PBXBuildFile section */

/* Begin PBXFileReference section */
		3D40B84D2192E20800FE7228 /* QExtensionUICore.swift */ = {isa = PBXFileReference; fileEncoding = 4; lastKnownFileType = sourcecode.swift; path = QExtensionUICore.swift; sourceTree = "<group>"; };
		3D40B84E2192E20900FE7228 /* QiscusUploaderVC.xib */ = {isa = PBXFileReference; fileEncoding = 4; lastKnownFileType = file.xib; path = QiscusUploaderVC.xib; sourceTree = "<group>"; };
		3D40B84F2192E20900FE7228 /* QUIBaseChatCell.swift */ = {isa = PBXFileReference; fileEncoding = 4; lastKnownFileType = sourcecode.swift; path = QUIBaseChatCell.swift; sourceTree = "<group>"; };
		3D40B8522192E20900FE7228 /* CardCommentModel.swift */ = {isa = PBXFileReference; fileEncoding = 4; lastKnownFileType = sourcecode.swift; path = CardCommentModel.swift; sourceTree = "<group>"; };
		3D40B8542192E20900FE7228 /* CommentModel.swift */ = {isa = PBXFileReference; fileEncoding = 4; lastKnownFileType = sourcecode.swift; path = CommentModel.swift; sourceTree = "<group>"; };
		3D40B8562192E20900FE7228 /* UIView.swift */ = {isa = PBXFileReference; fileEncoding = 4; lastKnownFileType = sourcecode.swift; path = UIView.swift; sourceTree = "<group>"; };
		3D40B8572192E20900FE7228 /* ViewController.swift */ = {isa = PBXFileReference; fileEncoding = 4; lastKnownFileType = sourcecode.swift; path = ViewController.swift; sourceTree = "<group>"; };
		3D40B8582192E20900FE7228 /* NavigationBar.swift */ = {isa = PBXFileReference; fileEncoding = 4; lastKnownFileType = sourcecode.swift; path = NavigationBar.swift; sourceTree = "<group>"; };
		3D40B8592192E20900FE7228 /* Background.swift */ = {isa = PBXFileReference; fileEncoding = 4; lastKnownFileType = sourcecode.swift; path = Background.swift; sourceTree = "<group>"; };
		3D40B85A2192E20900FE7228 /* UIImage.swift */ = {isa = PBXFileReference; fileEncoding = 4; lastKnownFileType = sourcecode.swift; path = UIImage.swift; sourceTree = "<group>"; };
		3D40B85C2192E20900FE7228 /* QiscusChatVC.swift */ = {isa = PBXFileReference; fileEncoding = 4; lastKnownFileType = sourcecode.swift; path = QiscusChatVC.swift; sourceTree = "<group>"; };
		3D40B85E2192E20900FE7228 /* QPopUpView.swift */ = {isa = PBXFileReference; fileEncoding = 4; lastKnownFileType = sourcecode.swift; path = QPopUpView.swift; sourceTree = "<group>"; };
		3D40B8612192E20900FE7228 /* QLoadingViewController.swift */ = {isa = PBXFileReference; fileEncoding = 4; lastKnownFileType = sourcecode.swift; path = QLoadingViewController.swift; sourceTree = "<group>"; };
		3D40B8622192E20900FE7228 /* QPopUpView.xib */ = {isa = PBXFileReference; fileEncoding = 4; lastKnownFileType = file.xib; path = QPopUpView.xib; sourceTree = "<group>"; };
		3D40B8652192E20900FE7228 /* QCardButton.swift */ = {isa = PBXFileReference; fileEncoding = 4; lastKnownFileType = sourcecode.swift; path = QCardButton.swift; sourceTree = "<group>"; };
		3D40B86A2192E20A00FE7228 /* QiscusHelper.swift */ = {isa = PBXFileReference; fileEncoding = 4; lastKnownFileType = sourcecode.swift; path = QiscusHelper.swift; sourceTree = "<group>"; };
		3D40B86B2192E20A00FE7228 /* ChatPreviewDocVC.swift */ = {isa = PBXFileReference; fileEncoding = 4; lastKnownFileType = sourcecode.swift; path = ChatPreviewDocVC.swift; sourceTree = "<group>"; };
		3D40B86C2192E20A00FE7228 /* ChatPreviewDocVC.xib */ = {isa = PBXFileReference; fileEncoding = 4; lastKnownFileType = file.xib; path = ChatPreviewDocVC.xib; sourceTree = "<group>"; };
		3D40B86F2192E20A00FE7228 /* CustomChatInput.swift */ = {isa = PBXFileReference; fileEncoding = 4; lastKnownFileType = sourcecode.swift; path = CustomChatInput.swift; sourceTree = "<group>"; };
		3D40B8702192E20A00FE7228 /* CustomChatInput.xib */ = {isa = PBXFileReference; fileEncoding = 4; lastKnownFileType = file.xib; path = CustomChatInput.xib; sourceTree = "<group>"; };
		3D40B8722192E20A00FE7228 /* QTextLeftCell.xib */ = {isa = PBXFileReference; fileEncoding = 4; lastKnownFileType = file.xib; path = QTextLeftCell.xib; sourceTree = "<group>"; };
		3D40B8732192E20A00FE7228 /* QContactRightCell.xib */ = {isa = PBXFileReference; fileEncoding = 4; lastKnownFileType = file.xib; path = QContactRightCell.xib; sourceTree = "<group>"; };
		3D40B8742192E20A00FE7228 /* QPostbackLeftCell.xib */ = {isa = PBXFileReference; fileEncoding = 4; lastKnownFileType = file.xib; path = QPostbackLeftCell.xib; sourceTree = "<group>"; };
		3D40B8752192E20A00FE7228 /* QDocumentLeftCell.xib */ = {isa = PBXFileReference; fileEncoding = 4; lastKnownFileType = file.xib; path = QDocumentLeftCell.xib; sourceTree = "<group>"; };
		3D40B8762192E20A00FE7228 /* QMediaLeftCell.swift */ = {isa = PBXFileReference; fileEncoding = 4; lastKnownFileType = sourcecode.swift; path = QMediaLeftCell.swift; sourceTree = "<group>"; };
		3D40B8772192E20A00FE7228 /* QLocationLeftCell.xib */ = {isa = PBXFileReference; fileEncoding = 4; lastKnownFileType = file.xib; path = QLocationLeftCell.xib; sourceTree = "<group>"; };
		3D40B8792192E20A00FE7228 /* QCarouselCardCell.swift */ = {isa = PBXFileReference; fileEncoding = 4; lastKnownFileType = sourcecode.swift; path = QCarouselCardCell.swift; sourceTree = "<group>"; };
		3D40B87A2192E20A00FE7228 /* QCarouselCardCell.xib */ = {isa = PBXFileReference; fileEncoding = 4; lastKnownFileType = file.xib; path = QCarouselCardCell.xib; sourceTree = "<group>"; };
		3D40B87B2192E20A00FE7228 /* QImageLeftCell.swift */ = {isa = PBXFileReference; fileEncoding = 4; lastKnownFileType = sourcecode.swift; path = QImageLeftCell.swift; sourceTree = "<group>"; };
		3D40B87C2192E20A00FE7228 /* QTextRightCell.xib */ = {isa = PBXFileReference; fileEncoding = 4; lastKnownFileType = file.xib; path = QTextRightCell.xib; sourceTree = "<group>"; };
		3D40B87D2192E20A00FE7228 /* QImageLeftCell.xib */ = {isa = PBXFileReference; fileEncoding = 4; lastKnownFileType = file.xib; path = QImageLeftCell.xib; sourceTree = "<group>"; };
		3D40B87E2192E20A00FE7228 /* QTextLeftCell.swift */ = {isa = PBXFileReference; fileEncoding = 4; lastKnownFileType = sourcecode.swift; path = QTextLeftCell.swift; sourceTree = "<group>"; };
		3D40B87F2192E20A00FE7228 /* QSystemCell.xib */ = {isa = PBXFileReference; fileEncoding = 4; lastKnownFileType = file.xib; path = QSystemCell.xib; sourceTree = "<group>"; };
		3D40B8802192E20A00FE7228 /* QLocationRightCell.swift */ = {isa = PBXFileReference; fileEncoding = 4; lastKnownFileType = sourcecode.swift; path = QLocationRightCell.swift; sourceTree = "<group>"; };
		3D40B8812192E20A00FE7228 /* QLocationRightCell.xib */ = {isa = PBXFileReference; fileEncoding = 4; lastKnownFileType = file.xib; path = QLocationRightCell.xib; sourceTree = "<group>"; };
		3D40B8822192E20A00FE7228 /* QPostbackLeftCell.swift */ = {isa = PBXFileReference; fileEncoding = 4; lastKnownFileType = sourcecode.swift; path = QPostbackLeftCell.swift; sourceTree = "<group>"; };
		3D40B8832192E20A00FE7228 /* QReplyLeftCell.xib */ = {isa = PBXFileReference; fileEncoding = 4; lastKnownFileType = file.xib; path = QReplyLeftCell.xib; sourceTree = "<group>"; };
		3D40B8842192E20A00FE7228 /* QMediaLeftCell.xib */ = {isa = PBXFileReference; fileEncoding = 4; lastKnownFileType = file.xib; path = QMediaLeftCell.xib; sourceTree = "<group>"; };
		3D40B8852192E20A00FE7228 /* QDocumentLeftCell.swift */ = {isa = PBXFileReference; fileEncoding = 4; lastKnownFileType = sourcecode.swift; path = QDocumentLeftCell.swift; sourceTree = "<group>"; };
		3D40B8862192E20A00FE7228 /* QReplyRightCell.xib */ = {isa = PBXFileReference; fileEncoding = 4; lastKnownFileType = file.xib; path = QReplyRightCell.xib; sourceTree = "<group>"; };
		3D40B8872192E20A00FE7228 /* QReplyLeftCell.swift */ = {isa = PBXFileReference; fileEncoding = 4; lastKnownFileType = sourcecode.swift; path = QReplyLeftCell.swift; sourceTree = "<group>"; };
		3D40B8882192E20A00FE7228 /* QDocumentRightCell.swift */ = {isa = PBXFileReference; fileEncoding = 4; lastKnownFileType = sourcecode.swift; path = QDocumentRightCell.swift; sourceTree = "<group>"; };
		3D40B8892192E20A00FE7228 /* QContactLeftCell.swift */ = {isa = PBXFileReference; fileEncoding = 4; lastKnownFileType = sourcecode.swift; path = QContactLeftCell.swift; sourceTree = "<group>"; };
		3D40B88A2192E20A00FE7228 /* QAudioLeftCell.xib */ = {isa = PBXFileReference; fileEncoding = 4; lastKnownFileType = file.xib; path = QAudioLeftCell.xib; sourceTree = "<group>"; };
		3D40B88B2192E20A00FE7228 /* QContactRightCell.swift */ = {isa = PBXFileReference; fileEncoding = 4; lastKnownFileType = sourcecode.swift; path = QContactRightCell.swift; sourceTree = "<group>"; };
		3D40B88C2192E20A00FE7228 /* QCarouselCell.xib */ = {isa = PBXFileReference; fileEncoding = 4; lastKnownFileType = file.xib; path = QCarouselCell.xib; sourceTree = "<group>"; };
		3D40B88D2192E20A00FE7228 /* QAudioLeftCell.swift */ = {isa = PBXFileReference; fileEncoding = 4; lastKnownFileType = sourcecode.swift; path = QAudioLeftCell.swift; sourceTree = "<group>"; };
		3D40B88E2192E20A00FE7228 /* QSystemCell.swift */ = {isa = PBXFileReference; fileEncoding = 4; lastKnownFileType = sourcecode.swift; path = QSystemCell.swift; sourceTree = "<group>"; };
		3D40B88F2192E20A00FE7228 /* QContactLeftCell.xib */ = {isa = PBXFileReference; fileEncoding = 4; lastKnownFileType = file.xib; path = QContactLeftCell.xib; sourceTree = "<group>"; };
		3D40B8902192E20A00FE7228 /* QCarouselCell.swift */ = {isa = PBXFileReference; fileEncoding = 4; lastKnownFileType = sourcecode.swift; path = QCarouselCell.swift; sourceTree = "<group>"; };
		3D40B8912192E20A00FE7228 /* QImageRightCell.xib */ = {isa = PBXFileReference; fileEncoding = 4; lastKnownFileType = file.xib; path = QImageRightCell.xib; sourceTree = "<group>"; };
		3D40B8922192E20A00FE7228 /* QAudioRightCell.swift */ = {isa = PBXFileReference; fileEncoding = 4; lastKnownFileType = sourcecode.swift; path = QAudioRightCell.swift; sourceTree = "<group>"; };
		3D40B8932192E20A00FE7228 /* QReplyRightCell.swift */ = {isa = PBXFileReference; fileEncoding = 4; lastKnownFileType = sourcecode.swift; path = QReplyRightCell.swift; sourceTree = "<group>"; };
		3D40B8942192E20A00FE7228 /* QAudioRightCell.xib */ = {isa = PBXFileReference; fileEncoding = 4; lastKnownFileType = file.xib; path = QAudioRightCell.xib; sourceTree = "<group>"; };
		3D40B8952192E20A00FE7228 /* QTextRightCell.swift */ = {isa = PBXFileReference; fileEncoding = 4; lastKnownFileType = sourcecode.swift; path = QTextRightCell.swift; sourceTree = "<group>"; };
		3D40B8962192E20A00FE7228 /* QDocumentRightCell.xib */ = {isa = PBXFileReference; fileEncoding = 4; lastKnownFileType = file.xib; path = QDocumentRightCell.xib; sourceTree = "<group>"; };
		3D40B8972192E20A00FE7228 /* QLocationLeftCell.swift */ = {isa = PBXFileReference; fileEncoding = 4; lastKnownFileType = sourcecode.swift; path = QLocationLeftCell.swift; sourceTree = "<group>"; };
		3D40B8982192E20A00FE7228 /* QImageRightCell.swift */ = {isa = PBXFileReference; fileEncoding = 4; lastKnownFileType = sourcecode.swift; path = QImageRightCell.swift; sourceTree = "<group>"; };
		3D40B8992192E20B00FE7228 /* QiscusUploaderVC.swift */ = {isa = PBXFileReference; fileEncoding = 4; lastKnownFileType = sourcecode.swift; path = QiscusUploaderVC.swift; sourceTree = "<group>"; };
		3D40B89B2192E20B00FE7228 /* QRoomListDefaultCell.xib */ = {isa = PBXFileReference; fileEncoding = 4; lastKnownFileType = file.xib; path = QRoomListDefaultCell.xib; sourceTree = "<group>"; };
		3D40B89C2192E20B00FE7228 /* ChatListViewController.swift */ = {isa = PBXFileReference; fileEncoding = 4; lastKnownFileType = sourcecode.swift; path = ChatListViewController.swift; sourceTree = "<group>"; };
		3D40B89D2192E20B00FE7228 /* QRoomListCell.swift */ = {isa = PBXFileReference; fileEncoding = 4; lastKnownFileType = sourcecode.swift; path = QRoomListCell.swift; sourceTree = "<group>"; };
		3D40B89E2192E20B00FE7228 /* QSearchListCell.swift */ = {isa = PBXFileReference; fileEncoding = 4; lastKnownFileType = sourcecode.swift; path = QSearchListCell.swift; sourceTree = "<group>"; };
		3D40B89F2192E20B00FE7228 /* QRoomListDefaultCell.swift */ = {isa = PBXFileReference; fileEncoding = 4; lastKnownFileType = sourcecode.swift; path = QRoomListDefaultCell.swift; sourceTree = "<group>"; };
		3D40B8A02192E20B00FE7228 /* QSearchListDefaultCell.xib */ = {isa = PBXFileReference; fileEncoding = 4; lastKnownFileType = file.xib; path = QSearchListDefaultCell.xib; sourceTree = "<group>"; };
		3D40B8A12192E20B00FE7228 /* QSearchListDefaultCell.swift */ = {isa = PBXFileReference; fileEncoding = 4; lastKnownFileType = sourcecode.swift; path = QSearchListDefaultCell.swift; sourceTree = "<group>"; };
		3D40B8A22192E20B00FE7228 /* MultipleImageCell.xib */ = {isa = PBXFileReference; fileEncoding = 4; lastKnownFileType = file.xib; path = MultipleImageCell.xib; sourceTree = "<group>"; };
		3D40B8A42192E20B00FE7228 /* MultipleImageCell.swift */ = {isa = PBXFileReference; fileEncoding = 4; lastKnownFileType = sourcecode.swift; path = MultipleImageCell.swift; sourceTree = "<group>"; };
		3D40B8A62192E20C00FE7228 /* QiscusNotification.swift */ = {isa = PBXFileReference; fileEncoding = 4; lastKnownFileType = sourcecode.swift; path = QiscusNotification.swift; sourceTree = "<group>"; };
		3D40B8A82192E20C00FE7228 /* QiscusAssetsConfiguration.swift */ = {isa = PBXFileReference; fileEncoding = 4; lastKnownFileType = sourcecode.swift; path = QiscusAssetsConfiguration.swift; sourceTree = "<group>"; };
		3D40B8A92192E20C00FE7228 /* QiscusTextConfiguration.swift */ = {isa = PBXFileReference; fileEncoding = 4; lastKnownFileType = sourcecode.swift; path = QiscusTextConfiguration.swift; sourceTree = "<group>"; };
		3D40B8AA2192E20C00FE7228 /* QiscusColorConfiguration.swift */ = {isa = PBXFileReference; fileEncoding = 4; lastKnownFileType = sourcecode.swift; path = QiscusColorConfiguration.swift; sourceTree = "<group>"; };
		3D40B8AB2192E20C00FE7228 /* QiscusUIConfiguration.swift */ = {isa = PBXFileReference; fileEncoding = 4; lastKnownFileType = sourcecode.swift; path = QiscusUIConfiguration.swift; sourceTree = "<group>"; };
		3D40B8AC2192E20C00FE7228 /* QiscusChatVC.xib */ = {isa = PBXFileReference; fileEncoding = 4; lastKnownFileType = file.xib; path = QiscusChatVC.xib; sourceTree = "<group>"; };
		3DCF6A382199277E00C108E6 /* LoginViewController.swift */ = {isa = PBXFileReference; fileEncoding = 4; lastKnownFileType = sourcecode.swift; path = LoginViewController.swift; sourceTree = "<group>"; };
		3DCF6A392199277E00C108E6 /* LoginViewController.xib */ = {isa = PBXFileReference; fileEncoding = 4; lastKnownFileType = file.xib; path = LoginViewController.xib; sourceTree = "<group>"; };
		3DDEFB612192D35600484795 /* Qiscus+UI.app */ = {isa = PBXFileReference; explicitFileType = wrapper.application; includeInIndex = 0; path = "Qiscus+UI.app"; sourceTree = BUILT_PRODUCTS_DIR; };
		3DDEFB642192D35600484795 /* AppDelegate.swift */ = {isa = PBXFileReference; lastKnownFileType = sourcecode.swift; path = AppDelegate.swift; sourceTree = "<group>"; };
		3DDEFB692192D35600484795 /* Base */ = {isa = PBXFileReference; lastKnownFileType = file.storyboard; name = Base; path = Base.lproj/Main.storyboard; sourceTree = "<group>"; };
		3DDEFB6B2192D35D00484795 /* Assets.xcassets */ = {isa = PBXFileReference; lastKnownFileType = folder.assetcatalog; path = Assets.xcassets; sourceTree = "<group>"; };
		3DDEFB6E2192D35D00484795 /* Base */ = {isa = PBXFileReference; lastKnownFileType = file.storyboard; name = Base; path = Base.lproj/LaunchScreen.storyboard; sourceTree = "<group>"; };
		3DDEFB702192D35D00484795 /* Info.plist */ = {isa = PBXFileReference; lastKnownFileType = text.plist.xml; path = Info.plist; sourceTree = "<group>"; };
		93E910F3CE92601E11DB86C8 /* Pods_Example.framework */ = {isa = PBXFileReference; explicitFileType = wrapper.framework; includeInIndex = 0; path = Pods_Example.framework; sourceTree = BUILT_PRODUCTS_DIR; };
		C02BD24DCE9BA0B6E0BC7700 /* Pods-Example.debug.xcconfig */ = {isa = PBXFileReference; includeInIndex = 1; lastKnownFileType = text.xcconfig; name = "Pods-Example.debug.xcconfig"; path = "Pods/Target Support Files/Pods-Example/Pods-Example.debug.xcconfig"; sourceTree = "<group>"; };
		C5AD7F688AE45942F951EE04 /* Pods-Example.release.xcconfig */ = {isa = PBXFileReference; includeInIndex = 1; lastKnownFileType = text.xcconfig; name = "Pods-Example.release.xcconfig"; path = "Pods/Target Support Files/Pods-Example/Pods-Example.release.xcconfig"; sourceTree = "<group>"; };
/* End PBXFileReference section */

/* Begin PBXFrameworksBuildPhase section */
		3DDEFB5E2192D35600484795 /* Frameworks */ = {
			isa = PBXFrameworksBuildPhase;
			buildActionMask = 2147483647;
			files = (
				EE4AD92B42D67598F6C5EEA2 /* Pods_Example.framework in Frameworks */,
			);
			runOnlyForDeploymentPostprocessing = 0;
		};
/* End PBXFrameworksBuildPhase section */

/* Begin PBXGroup section */
		3D40B8502192E20900FE7228 /* Model */ = {
			isa = PBXGroup;
			children = (
				3D40B8542192E20900FE7228 /* CommentModel.swift */,
				3D40B8522192E20900FE7228 /* CardCommentModel.swift */,
			);
			path = Model;
			sourceTree = "<group>";
		};
		3D40B8552192E20900FE7228 /* Extension */ = {
			isa = PBXGroup;
			children = (
				3D40B8562192E20900FE7228 /* UIView.swift */,
				3D40B8572192E20900FE7228 /* ViewController.swift */,
				3D40B8582192E20900FE7228 /* NavigationBar.swift */,
				3D40B8592192E20900FE7228 /* Background.swift */,
				3D40B85A2192E20900FE7228 /* UIImage.swift */,
			);
			path = Extension;
			sourceTree = "<group>";
		};
		3D40B85D2192E20900FE7228 /* Library */ = {
			isa = PBXGroup;
			children = (
				3D40B85E2192E20900FE7228 /* QPopUpView.swift */,
				3D40B8612192E20900FE7228 /* QLoadingViewController.swift */,
				3D40B8622192E20900FE7228 /* QPopUpView.xib */,
				3D40B8652192E20900FE7228 /* QCardButton.swift */,
			);
			path = Library;
			sourceTree = "<group>";
		};
		3D40B8692192E20A00FE7228 /* Helper */ = {
			isa = PBXGroup;
			children = (
				3D40B86A2192E20A00FE7228 /* QiscusHelper.swift */,
			);
			path = Helper;
			sourceTree = "<group>";
		};
		3D40B86E2192E20A00FE7228 /* ChatInput */ = {
			isa = PBXGroup;
			children = (
				3D40B86F2192E20A00FE7228 /* CustomChatInput.swift */,
				3D40B8702192E20A00FE7228 /* CustomChatInput.xib */,
			);
			path = ChatInput;
			sourceTree = "<group>";
		};
		3D40B8712192E20A00FE7228 /* QChatCell */ = {
			isa = PBXGroup;
			children = (
				3D40B84F2192E20900FE7228 /* QUIBaseChatCell.swift */,
				3D40B8722192E20A00FE7228 /* QTextLeftCell.xib */,
				3D40B8732192E20A00FE7228 /* QContactRightCell.xib */,
				3D40B8742192E20A00FE7228 /* QPostbackLeftCell.xib */,
				3D40B8752192E20A00FE7228 /* QDocumentLeftCell.xib */,
				3D40B8762192E20A00FE7228 /* QMediaLeftCell.swift */,
				3D40B8772192E20A00FE7228 /* QLocationLeftCell.xib */,
				3D40B8782192E20A00FE7228 /* QCarouselCell */,
				3D40B87B2192E20A00FE7228 /* QImageLeftCell.swift */,
				3D40B87C2192E20A00FE7228 /* QTextRightCell.xib */,
				3D40B87D2192E20A00FE7228 /* QImageLeftCell.xib */,
				3D40B87E2192E20A00FE7228 /* QTextLeftCell.swift */,
				3D40B87F2192E20A00FE7228 /* QSystemCell.xib */,
				3D40B8802192E20A00FE7228 /* QLocationRightCell.swift */,
				3D40B8812192E20A00FE7228 /* QLocationRightCell.xib */,
				3D40B8822192E20A00FE7228 /* QPostbackLeftCell.swift */,
				3D40B8832192E20A00FE7228 /* QReplyLeftCell.xib */,
				3D40B8842192E20A00FE7228 /* QMediaLeftCell.xib */,
				3D40B8852192E20A00FE7228 /* QDocumentLeftCell.swift */,
				3D40B8862192E20A00FE7228 /* QReplyRightCell.xib */,
				3D40B8872192E20A00FE7228 /* QReplyLeftCell.swift */,
				3D40B8882192E20A00FE7228 /* QDocumentRightCell.swift */,
				3D40B8892192E20A00FE7228 /* QContactLeftCell.swift */,
				3D40B88A2192E20A00FE7228 /* QAudioLeftCell.xib */,
				3D40B88B2192E20A00FE7228 /* QContactRightCell.swift */,
				3D40B88C2192E20A00FE7228 /* QCarouselCell.xib */,
				3D40B88D2192E20A00FE7228 /* QAudioLeftCell.swift */,
				3D40B88E2192E20A00FE7228 /* QSystemCell.swift */,
				3D40B88F2192E20A00FE7228 /* QContactLeftCell.xib */,
				3D40B8902192E20A00FE7228 /* QCarouselCell.swift */,
				3D40B8912192E20A00FE7228 /* QImageRightCell.xib */,
				3D40B8922192E20A00FE7228 /* QAudioRightCell.swift */,
				3D40B8932192E20A00FE7228 /* QReplyRightCell.swift */,
				3D40B8942192E20A00FE7228 /* QAudioRightCell.xib */,
				3D40B8952192E20A00FE7228 /* QTextRightCell.swift */,
				3D40B8962192E20A00FE7228 /* QDocumentRightCell.xib */,
				3D40B8972192E20A00FE7228 /* QLocationLeftCell.swift */,
				3D40B8982192E20A00FE7228 /* QImageRightCell.swift */,
			);
			path = QChatCell;
			sourceTree = "<group>";
		};
		3D40B8782192E20A00FE7228 /* QCarouselCell */ = {
			isa = PBXGroup;
			children = (
				3D40B8792192E20A00FE7228 /* QCarouselCardCell.swift */,
				3D40B87A2192E20A00FE7228 /* QCarouselCardCell.xib */,
			);
			path = QCarouselCell;
			sourceTree = "<group>";
		};
		3D40B89A2192E20B00FE7228 /* ChatList */ = {
			isa = PBXGroup;
			children = (
				3D40B89B2192E20B00FE7228 /* QRoomListDefaultCell.xib */,
				3D40B89C2192E20B00FE7228 /* ChatListViewController.swift */,
				3D40B89D2192E20B00FE7228 /* QRoomListCell.swift */,
				3D40B89E2192E20B00FE7228 /* QSearchListCell.swift */,
				3D40B89F2192E20B00FE7228 /* QRoomListDefaultCell.swift */,
				3D40B8A02192E20B00FE7228 /* QSearchListDefaultCell.xib */,
				3D40B8A12192E20B00FE7228 /* QSearchListDefaultCell.swift */,
			);
			path = ChatList;
			sourceTree = "<group>";
		};
		3D40B8A72192E20C00FE7228 /* Configuration */ = {
			isa = PBXGroup;
			children = (
				3D40B8A82192E20C00FE7228 /* QiscusAssetsConfiguration.swift */,
				3D40B8A92192E20C00FE7228 /* QiscusTextConfiguration.swift */,
				3D40B8AA2192E20C00FE7228 /* QiscusColorConfiguration.swift */,
				3D40B8AB2192E20C00FE7228 /* QiscusUIConfiguration.swift */,
			);
			path = Configuration;
			sourceTree = "<group>";
		};
		3DCF6A37219926F800C108E6 /* Login */ = {
			isa = PBXGroup;
			children = (
				3DCF6A382199277E00C108E6 /* LoginViewController.swift */,
				3DCF6A392199277E00C108E6 /* LoginViewController.xib */,
			);
			path = Login;
			sourceTree = "<group>";
		};
		3DDEFB582192D35600484795 = {
			isa = PBXGroup;
			children = (
				3DDEFB632192D35600484795 /* Example */,
				3DDEFB622192D35600484795 /* Products */,
				D70B999F40A6457404F78D14 /* Pods */,
				B5B82705ECBC497C39E5804D /* Frameworks */,
			);
			sourceTree = "<group>";
		};
		3DDEFB622192D35600484795 /* Products */ = {
			isa = PBXGroup;
			children = (
				3DDEFB612192D35600484795 /* Qiscus+UI.app */,
			);
			name = Products;
			sourceTree = "<group>";
		};
		3DDEFB632192D35600484795 /* Example */ = {
			isa = PBXGroup;
			children = (
				3DCF6A37219926F800C108E6 /* Login */,
				3D40B86E2192E20A00FE7228 /* ChatInput */,
				3D40B86B2192E20A00FE7228 /* ChatPreviewDocVC.swift */,
				3D40B86C2192E20A00FE7228 /* ChatPreviewDocVC.xib */,
				3D40B8A72192E20C00FE7228 /* Configuration */,
				3D40B8552192E20900FE7228 /* Extension */,
				3D40B8692192E20A00FE7228 /* Helper */,
				3D40B85D2192E20900FE7228 /* Library */,
				3D40B8502192E20900FE7228 /* Model */,
				3D40B8A42192E20B00FE7228 /* MultipleImageCell.swift */,
				3D40B8A22192E20B00FE7228 /* MultipleImageCell.xib */,
				3D40B8712192E20A00FE7228 /* QChatCell */,
				3D40B84D2192E20800FE7228 /* QExtensionUICore.swift */,
				3D40B85C2192E20900FE7228 /* QiscusChatVC.swift */,
				3D40B8AC2192E20C00FE7228 /* QiscusChatVC.xib */,
				3D40B8A62192E20C00FE7228 /* QiscusNotification.swift */,
				3D40B8992192E20B00FE7228 /* QiscusUploaderVC.swift */,
				3D40B84E2192E20900FE7228 /* QiscusUploaderVC.xib */,
				3D40B89A2192E20B00FE7228 /* ChatList */,
				3DDEFB642192D35600484795 /* AppDelegate.swift */,
				3DDEFB682192D35600484795 /* Main.storyboard */,
				3DDEFB6B2192D35D00484795 /* Assets.xcassets */,
				3DDEFB6D2192D35D00484795 /* LaunchScreen.storyboard */,
				3DDEFB702192D35D00484795 /* Info.plist */,
			);
			path = Example;
			sourceTree = "<group>";
		};
		B5B82705ECBC497C39E5804D /* Frameworks */ = {
			isa = PBXGroup;
			children = (
				93E910F3CE92601E11DB86C8 /* Pods_Example.framework */,
			);
			name = Frameworks;
			sourceTree = "<group>";
		};
		D70B999F40A6457404F78D14 /* Pods */ = {
			isa = PBXGroup;
			children = (
				C02BD24DCE9BA0B6E0BC7700 /* Pods-Example.debug.xcconfig */,
				C5AD7F688AE45942F951EE04 /* Pods-Example.release.xcconfig */,
			);
			name = Pods;
			sourceTree = "<group>";
		};
/* End PBXGroup section */

/* Begin PBXNativeTarget section */
		3DDEFB602192D35600484795 /* Example */ = {
			isa = PBXNativeTarget;
			buildConfigurationList = 3DDEFB732192D35D00484795 /* Build configuration list for PBXNativeTarget "Example" */;
			buildPhases = (
				02C0D7EBE76652B4E7F88A7A /* [CP] Check Pods Manifest.lock */,
				3DDEFB5D2192D35600484795 /* Sources */,
				3DDEFB5E2192D35600484795 /* Frameworks */,
				3DDEFB5F2192D35600484795 /* Resources */,
				3C29835F5DE0C6DC65FB7414 /* [CP] Embed Pods Frameworks */,
			);
			buildRules = (
			);
			dependencies = (
			);
			name = Example;
			productName = Example;
			productReference = 3DDEFB612192D35600484795 /* Qiscus+UI.app */;
			productType = "com.apple.product-type.application";
		};
/* End PBXNativeTarget section */

/* Begin PBXProject section */
		3DDEFB592192D35600484795 /* Project object */ = {
			isa = PBXProject;
			attributes = {
				LastSwiftUpdateCheck = 0940;
				LastUpgradeCheck = 0940;
				ORGANIZATIONNAME = Qiscus;
				TargetAttributes = {
					3DDEFB602192D35600484795 = {
						CreatedOnToolsVersion = 9.4.1;
					};
				};
			};
			buildConfigurationList = 3DDEFB5C2192D35600484795 /* Build configuration list for PBXProject "Example" */;
			compatibilityVersion = "Xcode 9.3";
			developmentRegion = en;
			hasScannedForEncodings = 0;
			knownRegions = (
				en,
				Base,
			);
			mainGroup = 3DDEFB582192D35600484795;
			productRefGroup = 3DDEFB622192D35600484795 /* Products */;
			projectDirPath = "";
			projectRoot = "";
			targets = (
				3DDEFB602192D35600484795 /* Example */,
			);
		};
/* End PBXProject section */

/* Begin PBXResourcesBuildPhase section */
		3DDEFB5F2192D35600484795 /* Resources */ = {
			isa = PBXResourcesBuildPhase;
			buildActionMask = 2147483647;
			files = (
				3D40B8F22192E20C00FE7228 /* QRoomListDefaultCell.xib in Resources */,
				3DDEFB6F2192D35D00484795 /* LaunchScreen.storyboard in Resources */,
				3D40B9022192E20C00FE7228 /* QiscusChatVC.xib in Resources */,
				3D40B8EC2192E20C00FE7228 /* QAudioRightCell.xib in Resources */,
				3D40B8E22192E20C00FE7228 /* QAudioLeftCell.xib in Resources */,
				3D40B8DE2192E20C00FE7228 /* QReplyRightCell.xib in Resources */,
				3D40B8F72192E20C00FE7228 /* QSearchListDefaultCell.xib in Resources */,
				3D40B8D92192E20C00FE7228 /* QLocationRightCell.xib in Resources */,
				3D40B8D22192E20C00FE7228 /* QCarouselCardCell.xib in Resources */,
				3D40B8D72192E20C00FE7228 /* QSystemCell.xib in Resources */,
				3DCF6A3B2199277F00C108E6 /* LoginViewController.xib in Resources */,
				3D40B8D52192E20C00FE7228 /* QImageLeftCell.xib in Resources */,
				3D40B8CD2192E20C00FE7228 /* QPostbackLeftCell.xib in Resources */,
				3D40B8DB2192E20C00FE7228 /* QReplyLeftCell.xib in Resources */,
				3D40B8CB2192E20C00FE7228 /* QTextLeftCell.xib in Resources */,
				3D40B8E92192E20C00FE7228 /* QImageRightCell.xib in Resources */,
				3D40B8EE2192E20C00FE7228 /* QDocumentRightCell.xib in Resources */,
				3D40B8D42192E20C00FE7228 /* QTextRightCell.xib in Resources */,
				3D40B8BF2192E20C00FE7228 /* QPopUpView.xib in Resources */,
				3D40B8D02192E20C00FE7228 /* QLocationLeftCell.xib in Resources */,
				3D40B8F92192E20C00FE7228 /* MultipleImageCell.xib in Resources */,
				3D40B8CE2192E20C00FE7228 /* QDocumentLeftCell.xib in Resources */,
				3DDEFB6C2192D35D00484795 /* Assets.xcassets in Resources */,
				3D40B8CC2192E20C00FE7228 /* QContactRightCell.xib in Resources */,
				3D40B8DC2192E20C00FE7228 /* QMediaLeftCell.xib in Resources */,
				3D40B8C72192E20C00FE7228 /* ChatPreviewDocVC.xib in Resources */,
				3D40B8AE2192E20C00FE7228 /* QiscusUploaderVC.xib in Resources */,
				3DDEFB6A2192D35600484795 /* Main.storyboard in Resources */,
				3D40B8E72192E20C00FE7228 /* QContactLeftCell.xib in Resources */,
				3D40B8CA2192E20C00FE7228 /* CustomChatInput.xib in Resources */,
				3D40B8E42192E20C00FE7228 /* QCarouselCell.xib in Resources */,
			);
			runOnlyForDeploymentPostprocessing = 0;
		};
/* End PBXResourcesBuildPhase section */

/* Begin PBXShellScriptBuildPhase section */
		02C0D7EBE76652B4E7F88A7A /* [CP] Check Pods Manifest.lock */ = {
			isa = PBXShellScriptBuildPhase;
			buildActionMask = 2147483647;
			files = (
			);
			inputPaths = (
				"${PODS_PODFILE_DIR_PATH}/Podfile.lock",
				"${PODS_ROOT}/Manifest.lock",
			);
			name = "[CP] Check Pods Manifest.lock";
			outputPaths = (
				"$(DERIVED_FILE_DIR)/Pods-Example-checkManifestLockResult.txt",
			);
			runOnlyForDeploymentPostprocessing = 0;
			shellPath = /bin/sh;
			shellScript = "diff \"${PODS_PODFILE_DIR_PATH}/Podfile.lock\" \"${PODS_ROOT}/Manifest.lock\" > /dev/null\nif [ $? != 0 ] ; then\n    # print error to STDERR\n    echo \"error: The sandbox is not in sync with the Podfile.lock. Run 'pod install' or update your CocoaPods installation.\" >&2\n    exit 1\nfi\n# This output is used by Xcode 'outputs' to avoid re-running this script phase.\necho \"SUCCESS\" > \"${SCRIPT_OUTPUT_FILE_0}\"\n";
			showEnvVarsInLog = 0;
		};
		3C29835F5DE0C6DC65FB7414 /* [CP] Embed Pods Frameworks */ = {
			isa = PBXShellScriptBuildPhase;
			buildActionMask = 2147483647;
			files = (
			);
			inputPaths = (
				"${SRCROOT}/Pods/Target Support Files/Pods-Example/Pods-Example-frameworks.sh",
				"${BUILT_PRODUCTS_DIR}/Alamofire/Alamofire.framework",
				"${BUILT_PRODUCTS_DIR}/AlamofireImage/AlamofireImage.framework",
				"${BUILT_PRODUCTS_DIR}/CocoaAsyncSocket/CocoaAsyncSocket.framework",
				"${BUILT_PRODUCTS_DIR}/CocoaMQTT/CocoaMQTT.framework",
				"${PODS_ROOT}/QiscusCore/QiscusCore.framework",
				"${PODS_ROOT}/QiscusCore/QiscusCore.framework.dSYM",
				"${PODS_ROOT}/QiscusRealtime/QiscusRealtime.framework",
				"${PODS_ROOT}/QiscusRealtime/QiscusRealtime.framework.dSYM",
				"${BUILT_PRODUCTS_DIR}/QiscusUI/QiscusUI.framework",
				"${BUILT_PRODUCTS_DIR}/SDWebImage/SDWebImage.framework",
				"${BUILT_PRODUCTS_DIR}/SimpleImageViewer/SimpleImageViewer.framework",
				"${BUILT_PRODUCTS_DIR}/SwiftyJSON/SwiftyJSON.framework",
				"${BUILT_PRODUCTS_DIR}/SwiftyTimer/SwiftyTimer.framework",
			);
			name = "[CP] Embed Pods Frameworks";
			outputPaths = (
				"${TARGET_BUILD_DIR}/${FRAMEWORKS_FOLDER_PATH}/Alamofire.framework",
				"${TARGET_BUILD_DIR}/${FRAMEWORKS_FOLDER_PATH}/AlamofireImage.framework",
				"${TARGET_BUILD_DIR}/${FRAMEWORKS_FOLDER_PATH}/CocoaAsyncSocket.framework",
				"${TARGET_BUILD_DIR}/${FRAMEWORKS_FOLDER_PATH}/CocoaMQTT.framework",
				"${TARGET_BUILD_DIR}/${FRAMEWORKS_FOLDER_PATH}/QiscusCore.framework",
				"${DWARF_DSYM_FOLDER_PATH}/QiscusCore.framework.dSYM",
				"${TARGET_BUILD_DIR}/${FRAMEWORKS_FOLDER_PATH}/QiscusRealtime.framework",
				"${DWARF_DSYM_FOLDER_PATH}/QiscusRealtime.framework.dSYM",
				"${TARGET_BUILD_DIR}/${FRAMEWORKS_FOLDER_PATH}/QiscusUI.framework",
				"${TARGET_BUILD_DIR}/${FRAMEWORKS_FOLDER_PATH}/SDWebImage.framework",
				"${TARGET_BUILD_DIR}/${FRAMEWORKS_FOLDER_PATH}/SimpleImageViewer.framework",
				"${TARGET_BUILD_DIR}/${FRAMEWORKS_FOLDER_PATH}/SwiftyJSON.framework",
				"${TARGET_BUILD_DIR}/${FRAMEWORKS_FOLDER_PATH}/SwiftyTimer.framework",
			);
			runOnlyForDeploymentPostprocessing = 0;
			shellPath = /bin/sh;
			shellScript = "\"${SRCROOT}/Pods/Target Support Files/Pods-Example/Pods-Example-frameworks.sh\"\n";
			showEnvVarsInLog = 0;
		};
/* End PBXShellScriptBuildPhase section */

/* Begin PBXSourcesBuildPhase section */
		3DDEFB5D2192D35600484795 /* Sources */ = {
			isa = PBXSourcesBuildPhase;
			buildActionMask = 2147483647;
			files = (
				3D40B8B52192E20C00FE7228 /* ViewController.swift in Sources */,
				3D40B8EA2192E20C00FE7228 /* QAudioRightCell.swift in Sources */,
				3D40B8F32192E20C00FE7228 /* ChatListViewController.swift in Sources */,
				3D40B8F02192E20C00FE7228 /* QImageRightCell.swift in Sources */,
				3D40B8CF2192E20C00FE7228 /* QMediaLeftCell.swift in Sources */,
				3D40B8BE2192E20C00FE7228 /* QLoadingViewController.swift in Sources */,
				3D40B8C92192E20C00FE7228 /* CustomChatInput.swift in Sources */,
				3D40B8D32192E20C00FE7228 /* QImageLeftCell.swift in Sources */,
				3D40B8B12192E20C00FE7228 /* CardCommentModel.swift in Sources */,
				3D40B8FF2192E20C00FE7228 /* QiscusTextConfiguration.swift in Sources */,
				3D40B8EF2192E20C00FE7228 /* QLocationLeftCell.swift in Sources */,
				3D40B8AD2192E20C00FE7228 /* QExtensionUICore.swift in Sources */,
				3D40B8BA2192E20C00FE7228 /* QiscusChatVC.swift in Sources */,
				3D40B8E62192E20C00FE7228 /* QSystemCell.swift in Sources */,
				3DCF6A3A2199277F00C108E6 /* LoginViewController.swift in Sources */,
				3D40B8DA2192E20C00FE7228 /* QPostbackLeftCell.swift in Sources */,
				3D40B9002192E20C00FE7228 /* QiscusColorConfiguration.swift in Sources */,
				3D40B8D12192E20C00FE7228 /* QCarouselCardCell.swift in Sources */,
				3D40B8B62192E20C00FE7228 /* NavigationBar.swift in Sources */,
				3D40B8AF2192E20C00FE7228 /* QUIBaseChatCell.swift in Sources */,
				3D40B8E52192E20C00FE7228 /* QAudioLeftCell.swift in Sources */,
				3D40B8E02192E20C00FE7228 /* QDocumentRightCell.swift in Sources */,
				3D40B8B32192E20C00FE7228 /* CommentModel.swift in Sources */,
				3D40B8C52192E20C00FE7228 /* QiscusHelper.swift in Sources */,
				3D40B8ED2192E20C00FE7228 /* QTextRightCell.swift in Sources */,
				3D40B8FB2192E20C00FE7228 /* MultipleImageCell.swift in Sources */,
				3DDEFB652192D35600484795 /* AppDelegate.swift in Sources */,
				3D40B8B42192E20C00FE7228 /* UIView.swift in Sources */,
				3D40B8EB2192E20C00FE7228 /* QReplyRightCell.swift in Sources */,
				3D40B8BB2192E20C00FE7228 /* QPopUpView.swift in Sources */,
				3D40B8E12192E20C00FE7228 /* QContactLeftCell.swift in Sources */,
				3D40B8FE2192E20C00FE7228 /* QiscusAssetsConfiguration.swift in Sources */,
				3D40B8E82192E20C00FE7228 /* QCarouselCell.swift in Sources */,
				3D40B8B82192E20C00FE7228 /* UIImage.swift in Sources */,
				3D40B8C62192E20C00FE7228 /* ChatPreviewDocVC.swift in Sources */,
				3D40B8F82192E20C00FE7228 /* QSearchListDefaultCell.swift in Sources */,
				3D40B8FD2192E20C00FE7228 /* QiscusNotification.swift in Sources */,
				3D40B8D82192E20C00FE7228 /* QLocationRightCell.swift in Sources */,
				3D40B8DD2192E20C00FE7228 /* QDocumentLeftCell.swift in Sources */,
				3D40B8F52192E20C00FE7228 /* QSearchListCell.swift in Sources */,
				3D40B8F12192E20C00FE7228 /* QiscusUploaderVC.swift in Sources */,
				3D40B8C22192E20C00FE7228 /* QCardButton.swift in Sources */,
				3D40B9012192E20C00FE7228 /* QiscusUIConfiguration.swift in Sources */,
				3D40B8E32192E20C00FE7228 /* QContactRightCell.swift in Sources */,
				3D40B8F42192E20C00FE7228 /* QRoomListCell.swift in Sources */,
				3D40B8D62192E20C00FE7228 /* QTextLeftCell.swift in Sources */,
				3D40B8DF2192E20C00FE7228 /* QReplyLeftCell.swift in Sources */,
				3D40B8F62192E20C00FE7228 /* QRoomListDefaultCell.swift in Sources */,
				3D40B8B72192E20C00FE7228 /* Background.swift in Sources */,
			);
			runOnlyForDeploymentPostprocessing = 0;
		};
/* End PBXSourcesBuildPhase section */

/* Begin PBXVariantGroup section */
		3DDEFB682192D35600484795 /* Main.storyboard */ = {
			isa = PBXVariantGroup;
			children = (
				3DDEFB692192D35600484795 /* Base */,
			);
			name = Main.storyboard;
			sourceTree = "<group>";
		};
		3DDEFB6D2192D35D00484795 /* LaunchScreen.storyboard */ = {
			isa = PBXVariantGroup;
			children = (
				3DDEFB6E2192D35D00484795 /* Base */,
			);
			name = LaunchScreen.storyboard;
			sourceTree = "<group>";
		};
/* End PBXVariantGroup section */

/* Begin XCBuildConfiguration section */
		3DDEFB712192D35D00484795 /* Debug */ = {
			isa = XCBuildConfiguration;
			buildSettings = {
				ALWAYS_SEARCH_USER_PATHS = NO;
				CLANG_ANALYZER_NONNULL = YES;
				CLANG_ANALYZER_NUMBER_OBJECT_CONVERSION = YES_AGGRESSIVE;
				CLANG_CXX_LANGUAGE_STANDARD = "gnu++14";
				CLANG_CXX_LIBRARY = "libc++";
				CLANG_ENABLE_MODULES = YES;
				CLANG_ENABLE_OBJC_ARC = YES;
				CLANG_ENABLE_OBJC_WEAK = YES;
				CLANG_WARN_BLOCK_CAPTURE_AUTORELEASING = YES;
				CLANG_WARN_BOOL_CONVERSION = YES;
				CLANG_WARN_COMMA = YES;
				CLANG_WARN_CONSTANT_CONVERSION = YES;
				CLANG_WARN_DEPRECATED_OBJC_IMPLEMENTATIONS = YES;
				CLANG_WARN_DIRECT_OBJC_ISA_USAGE = YES_ERROR;
				CLANG_WARN_DOCUMENTATION_COMMENTS = YES;
				CLANG_WARN_EMPTY_BODY = YES;
				CLANG_WARN_ENUM_CONVERSION = YES;
				CLANG_WARN_INFINITE_RECURSION = YES;
				CLANG_WARN_INT_CONVERSION = YES;
				CLANG_WARN_NON_LITERAL_NULL_CONVERSION = YES;
				CLANG_WARN_OBJC_IMPLICIT_RETAIN_SELF = YES;
				CLANG_WARN_OBJC_LITERAL_CONVERSION = YES;
				CLANG_WARN_OBJC_ROOT_CLASS = YES_ERROR;
				CLANG_WARN_RANGE_LOOP_ANALYSIS = YES;
				CLANG_WARN_STRICT_PROTOTYPES = YES;
				CLANG_WARN_SUSPICIOUS_MOVE = YES;
				CLANG_WARN_UNGUARDED_AVAILABILITY = YES_AGGRESSIVE;
				CLANG_WARN_UNREACHABLE_CODE = YES;
				CLANG_WARN__DUPLICATE_METHOD_MATCH = YES;
				CODE_SIGN_IDENTITY = "iPhone Developer";
				COPY_PHASE_STRIP = NO;
				DEBUG_INFORMATION_FORMAT = dwarf;
				ENABLE_STRICT_OBJC_MSGSEND = YES;
				ENABLE_TESTABILITY = YES;
				GCC_C_LANGUAGE_STANDARD = gnu11;
				GCC_DYNAMIC_NO_PIC = NO;
				GCC_NO_COMMON_BLOCKS = YES;
				GCC_OPTIMIZATION_LEVEL = 0;
				GCC_PREPROCESSOR_DEFINITIONS = (
					"DEBUG=1",
					"$(inherited)",
				);
				GCC_WARN_64_TO_32_BIT_CONVERSION = YES;
				GCC_WARN_ABOUT_RETURN_TYPE = YES_ERROR;
				GCC_WARN_UNDECLARED_SELECTOR = YES;
				GCC_WARN_UNINITIALIZED_AUTOS = YES_AGGRESSIVE;
				GCC_WARN_UNUSED_FUNCTION = YES;
				GCC_WARN_UNUSED_VARIABLE = YES;
				IPHONEOS_DEPLOYMENT_TARGET = 11.4;
				MTL_ENABLE_DEBUG_INFO = YES;
				ONLY_ACTIVE_ARCH = YES;
				SDKROOT = iphoneos;
				SWIFT_ACTIVE_COMPILATION_CONDITIONS = DEBUG;
				SWIFT_OPTIMIZATION_LEVEL = "-Onone";
			};
			name = Debug;
		};
		3DDEFB722192D35D00484795 /* Release */ = {
			isa = XCBuildConfiguration;
			buildSettings = {
				ALWAYS_SEARCH_USER_PATHS = NO;
				CLANG_ANALYZER_NONNULL = YES;
				CLANG_ANALYZER_NUMBER_OBJECT_CONVERSION = YES_AGGRESSIVE;
				CLANG_CXX_LANGUAGE_STANDARD = "gnu++14";
				CLANG_CXX_LIBRARY = "libc++";
				CLANG_ENABLE_MODULES = YES;
				CLANG_ENABLE_OBJC_ARC = YES;
				CLANG_ENABLE_OBJC_WEAK = YES;
				CLANG_WARN_BLOCK_CAPTURE_AUTORELEASING = YES;
				CLANG_WARN_BOOL_CONVERSION = YES;
				CLANG_WARN_COMMA = YES;
				CLANG_WARN_CONSTANT_CONVERSION = YES;
				CLANG_WARN_DEPRECATED_OBJC_IMPLEMENTATIONS = YES;
				CLANG_WARN_DIRECT_OBJC_ISA_USAGE = YES_ERROR;
				CLANG_WARN_DOCUMENTATION_COMMENTS = YES;
				CLANG_WARN_EMPTY_BODY = YES;
				CLANG_WARN_ENUM_CONVERSION = YES;
				CLANG_WARN_INFINITE_RECURSION = YES;
				CLANG_WARN_INT_CONVERSION = YES;
				CLANG_WARN_NON_LITERAL_NULL_CONVERSION = YES;
				CLANG_WARN_OBJC_IMPLICIT_RETAIN_SELF = YES;
				CLANG_WARN_OBJC_LITERAL_CONVERSION = YES;
				CLANG_WARN_OBJC_ROOT_CLASS = YES_ERROR;
				CLANG_WARN_RANGE_LOOP_ANALYSIS = YES;
				CLANG_WARN_STRICT_PROTOTYPES = YES;
				CLANG_WARN_SUSPICIOUS_MOVE = YES;
				CLANG_WARN_UNGUARDED_AVAILABILITY = YES_AGGRESSIVE;
				CLANG_WARN_UNREACHABLE_CODE = YES;
				CLANG_WARN__DUPLICATE_METHOD_MATCH = YES;
				CODE_SIGN_IDENTITY = "iPhone Developer";
				COPY_PHASE_STRIP = NO;
				DEBUG_INFORMATION_FORMAT = "dwarf-with-dsym";
				ENABLE_NS_ASSERTIONS = NO;
				ENABLE_STRICT_OBJC_MSGSEND = YES;
				GCC_C_LANGUAGE_STANDARD = gnu11;
				GCC_NO_COMMON_BLOCKS = YES;
				GCC_WARN_64_TO_32_BIT_CONVERSION = YES;
				GCC_WARN_ABOUT_RETURN_TYPE = YES_ERROR;
				GCC_WARN_UNDECLARED_SELECTOR = YES;
				GCC_WARN_UNINITIALIZED_AUTOS = YES_AGGRESSIVE;
				GCC_WARN_UNUSED_FUNCTION = YES;
				GCC_WARN_UNUSED_VARIABLE = YES;
				IPHONEOS_DEPLOYMENT_TARGET = 11.4;
				MTL_ENABLE_DEBUG_INFO = NO;
				SDKROOT = iphoneos;
				SWIFT_COMPILATION_MODE = wholemodule;
				SWIFT_OPTIMIZATION_LEVEL = "-O";
				VALIDATE_PRODUCT = YES;
			};
			name = Release;
		};
		3DDEFB742192D35D00484795 /* Debug */ = {
			isa = XCBuildConfiguration;
			baseConfigurationReference = C02BD24DCE9BA0B6E0BC7700 /* Pods-Example.debug.xcconfig */;
			buildSettings = {
				ASSETCATALOG_COMPILER_APPICON_NAME = AppIcon;
				CODE_SIGN_STYLE = Automatic;
				DEVELOPMENT_TEAM = QG8KA4P8TE;
				INFOPLIST_FILE = Example/Info.plist;
				LD_RUNPATH_SEARCH_PATHS = (
					"$(inherited)",
					"@executable_path/Frameworks",
				);
				PRODUCT_BUNDLE_IDENTIFIER = com.qiscusdev.Example;
				PRODUCT_NAME = "Qiscus+UI";
				SWIFT_VERSION = 4.0;
				TARGETED_DEVICE_FAMILY = "1,2";
			};
			name = Debug;
		};
		3DDEFB752192D35D00484795 /* Release */ = {
			isa = XCBuildConfiguration;
			baseConfigurationReference = C5AD7F688AE45942F951EE04 /* Pods-Example.release.xcconfig */;
			buildSettings = {
				ASSETCATALOG_COMPILER_APPICON_NAME = AppIcon;
				CODE_SIGN_STYLE = Automatic;
				DEVELOPMENT_TEAM = QG8KA4P8TE;
				INFOPLIST_FILE = Example/Info.plist;
				LD_RUNPATH_SEARCH_PATHS = (
					"$(inherited)",
					"@executable_path/Frameworks",
				);
				PRODUCT_BUNDLE_IDENTIFIER = com.qiscusdev.Example;
				PRODUCT_NAME = "Qiscus+UI";
				SWIFT_VERSION = 4.0;
				TARGETED_DEVICE_FAMILY = "1,2";
			};
			name = Release;
		};
/* End XCBuildConfiguration section */

/* Begin XCConfigurationList section */
		3DDEFB5C2192D35600484795 /* Build configuration list for PBXProject "Example" */ = {
			isa = XCConfigurationList;
			buildConfigurations = (
				3DDEFB712192D35D00484795 /* Debug */,
				3DDEFB722192D35D00484795 /* Release */,
			);
			defaultConfigurationIsVisible = 0;
			defaultConfigurationName = Release;
		};
		3DDEFB732192D35D00484795 /* Build configuration list for PBXNativeTarget "Example" */ = {
			isa = XCConfigurationList;
			buildConfigurations = (
				3DDEFB742192D35D00484795 /* Debug */,
				3DDEFB752192D35D00484795 /* Release */,
			);
			defaultConfigurationIsVisible = 0;
			defaultConfigurationName = Release;
		};
/* End XCConfigurationList section */
	};
	rootObject = 3DDEFB592192D35600484795 /* Project object */;
}
