// !$*UTF8*$!
{
	archiveVersion = 1;
	classes = {
	};
	objectVersion = 51;
	objects = {

/* Begin PBXBuildFile section */
		3D19064923D8408A00425A92 /* UIChatNavigation2.swift in Sources */ = {isa = PBXBuildFile; fileRef = 3D19064723D8408900425A92 /* UIChatNavigation2.swift */; };
		3D19064A23D8408A00425A92 /* UIChatNavigation2.xib in Resources */ = {isa = PBXBuildFile; fileRef = 3D19064823D8408A00425A92 /* UIChatNavigation2.xib */; };
		3D3854A321B4DE6600435B31 /* UIChatPresenter.swift in Sources */ = {isa = PBXBuildFile; fileRef = 3D38549E21B4DE6500435B31 /* UIChatPresenter.swift */; };
		3D3854A421B4DE6600435B31 /* UIChatNavigation.swift in Sources */ = {isa = PBXBuildFile; fileRef = 3D38549F21B4DE6500435B31 /* UIChatNavigation.swift */; };
		3D3854A521B4DE6600435B31 /* UIChatViewController.swift in Sources */ = {isa = PBXBuildFile; fileRef = 3D3854A021B4DE6600435B31 /* UIChatViewController.swift */; };
		3D3854A621B4DE6600435B31 /* UIChatViewController.xib in Resources */ = {isa = PBXBuildFile; fileRef = 3D3854A121B4DE6600435B31 /* UIChatViewController.xib */; };
		3D3854A721B4DE6600435B31 /* UIChatNavigation.xib in Resources */ = {isa = PBXBuildFile; fileRef = 3D3854A221B4DE6600435B31 /* UIChatNavigation.xib */; };
		3D3854AB21B4E03600435B31 /* UIChatListViewController.swift in Sources */ = {isa = PBXBuildFile; fileRef = 3D3854A821B4E03500435B31 /* UIChatListViewController.swift */; };
		3D3854AC21B4E03600435B31 /* UIChatListViewController.xib in Resources */ = {isa = PBXBuildFile; fileRef = 3D3854A921B4E03600435B31 /* UIChatListViewController.xib */; };
		3D3854AD21B4E03600435B31 /* UIChatListPresenter.swift in Sources */ = {isa = PBXBuildFile; fileRef = 3D3854AA21B4E03600435B31 /* UIChatListPresenter.swift */; };
		3D3854B021B4E12F00435B31 /* UIChatInput.xib in Resources */ = {isa = PBXBuildFile; fileRef = 3D3854AE21B4E12E00435B31 /* UIChatInput.xib */; };
		3D3854B121B4E12F00435B31 /* UIChatInput.swift in Sources */ = {isa = PBXBuildFile; fileRef = 3D3854AF21B4E12F00435B31 /* UIChatInput.swift */; };
		3D3854B621B4E34800435B31 /* UIChatListViewCell.swift in Sources */ = {isa = PBXBuildFile; fileRef = 3D3854B421B4E34700435B31 /* UIChatListViewCell.swift */; };
		3D3854B721B4E34800435B31 /* UIChatListViewCell.xib in Resources */ = {isa = PBXBuildFile; fileRef = 3D3854B521B4E34800435B31 /* UIChatListViewCell.xib */; };
		3D3854BB21B6409A00435B31 /* EmptyCell.xib in Resources */ = {isa = PBXBuildFile; fileRef = 3D3854B921B6409A00435B31 /* EmptyCell.xib */; };
		3D3854BC21B6409A00435B31 /* EmptyCell.swift in Sources */ = {isa = PBXBuildFile; fileRef = 3D3854BA21B6409A00435B31 /* EmptyCell.swift */; };
		3D40B8AD2192E20C00FE7228 /* QExtensionUICore.swift in Sources */ = {isa = PBXBuildFile; fileRef = 3D40B84D2192E20800FE7228 /* QExtensionUICore.swift */; };
		3D40B8AE2192E20C00FE7228 /* QiscusUploaderVC.xib in Resources */ = {isa = PBXBuildFile; fileRef = 3D40B84E2192E20900FE7228 /* QiscusUploaderVC.xib */; };
		3D40B8AF2192E20C00FE7228 /* QUIBaseChatCell.swift in Sources */ = {isa = PBXBuildFile; fileRef = 3D40B84F2192E20900FE7228 /* QUIBaseChatCell.swift */; };
		3D40B8B32192E20C00FE7228 /* QMessage.swift in Sources */ = {isa = PBXBuildFile; fileRef = 3D40B8542192E20900FE7228 /* QMessage.swift */; };
		3D40B8B42192E20C00FE7228 /* UIView.swift in Sources */ = {isa = PBXBuildFile; fileRef = 3D40B8562192E20900FE7228 /* UIView.swift */; };
		3D40B8B52192E20C00FE7228 /* ViewController.swift in Sources */ = {isa = PBXBuildFile; fileRef = 3D40B8572192E20900FE7228 /* ViewController.swift */; };
		3D40B8B62192E20C00FE7228 /* NavigationBar.swift in Sources */ = {isa = PBXBuildFile; fileRef = 3D40B8582192E20900FE7228 /* NavigationBar.swift */; };
		3D40B8B72192E20C00FE7228 /* Background.swift in Sources */ = {isa = PBXBuildFile; fileRef = 3D40B8592192E20900FE7228 /* Background.swift */; };
		3D40B8B82192E20C00FE7228 /* UIImage.swift in Sources */ = {isa = PBXBuildFile; fileRef = 3D40B85A2192E20900FE7228 /* UIImage.swift */; };
		3D40B8BB2192E20C00FE7228 /* QPopUpView.swift in Sources */ = {isa = PBXBuildFile; fileRef = 3D40B85E2192E20900FE7228 /* QPopUpView.swift */; };
		3D40B8BF2192E20C00FE7228 /* QPopUpView.xib in Resources */ = {isa = PBXBuildFile; fileRef = 3D40B8622192E20900FE7228 /* QPopUpView.xib */; };
		3D40B8C62192E20C00FE7228 /* ChatPreviewDocVC.swift in Sources */ = {isa = PBXBuildFile; fileRef = 3D40B86B2192E20A00FE7228 /* ChatPreviewDocVC.swift */; };
		3D40B8C72192E20C00FE7228 /* ChatPreviewDocVC.xib in Resources */ = {isa = PBXBuildFile; fileRef = 3D40B86C2192E20A00FE7228 /* ChatPreviewDocVC.xib */; };
		3D40B8C92192E20C00FE7228 /* CustomChatInput.swift in Sources */ = {isa = PBXBuildFile; fileRef = 3D40B86F2192E20A00FE7228 /* CustomChatInput.swift */; };
		3D40B8CA2192E20C00FE7228 /* CustomChatInput.xib in Resources */ = {isa = PBXBuildFile; fileRef = 3D40B8702192E20A00FE7228 /* CustomChatInput.xib */; };
		3D40B8CB2192E20C00FE7228 /* QTextLeftCell.xib in Resources */ = {isa = PBXBuildFile; fileRef = 3D40B8722192E20A00FE7228 /* QTextLeftCell.xib */; };
		3D40B8D32192E20C00FE7228 /* QImageLeftCell.swift in Sources */ = {isa = PBXBuildFile; fileRef = 3D40B87B2192E20A00FE7228 /* QImageLeftCell.swift */; };
		3D40B8D42192E20C00FE7228 /* QTextRightCell.xib in Resources */ = {isa = PBXBuildFile; fileRef = 3D40B87C2192E20A00FE7228 /* QTextRightCell.xib */; };
		3D40B8D52192E20C00FE7228 /* QImageLeftCell.xib in Resources */ = {isa = PBXBuildFile; fileRef = 3D40B87D2192E20A00FE7228 /* QImageLeftCell.xib */; };
		3D40B8D62192E20C00FE7228 /* QTextLeftCell.swift in Sources */ = {isa = PBXBuildFile; fileRef = 3D40B87E2192E20A00FE7228 /* QTextLeftCell.swift */; };
		3D40B8D72192E20C00FE7228 /* QSystemCell.xib in Resources */ = {isa = PBXBuildFile; fileRef = 3D40B87F2192E20A00FE7228 /* QSystemCell.xib */; };
		3D40B8E62192E20C00FE7228 /* QSystemCell.swift in Sources */ = {isa = PBXBuildFile; fileRef = 3D40B88E2192E20A00FE7228 /* QSystemCell.swift */; };
		3D40B8E92192E20C00FE7228 /* QImageRightCell.xib in Resources */ = {isa = PBXBuildFile; fileRef = 3D40B8912192E20A00FE7228 /* QImageRightCell.xib */; };
		3D40B8ED2192E20C00FE7228 /* QTextRightCell.swift in Sources */ = {isa = PBXBuildFile; fileRef = 3D40B8952192E20A00FE7228 /* QTextRightCell.swift */; };
		3D40B8F02192E20C00FE7228 /* QImageRightCell.swift in Sources */ = {isa = PBXBuildFile; fileRef = 3D40B8982192E20A00FE7228 /* QImageRightCell.swift */; };
		3D40B8F12192E20C00FE7228 /* QiscusUploaderVC.swift in Sources */ = {isa = PBXBuildFile; fileRef = 3D40B8992192E20B00FE7228 /* QiscusUploaderVC.swift */; };
		3D40B8FE2192E20C00FE7228 /* AssetsConfiguration.swift in Sources */ = {isa = PBXBuildFile; fileRef = 3D40B8A82192E20C00FE7228 /* AssetsConfiguration.swift */; };
		3D40B8FF2192E20C00FE7228 /* QiscusTextConfiguration.swift in Sources */ = {isa = PBXBuildFile; fileRef = 3D40B8A92192E20C00FE7228 /* QiscusTextConfiguration.swift */; };
		3D40B9002192E20C00FE7228 /* ColorConfiguration.swift in Sources */ = {isa = PBXBuildFile; fileRef = 3D40B8AA2192E20C00FE7228 /* ColorConfiguration.swift */; };
		3D40B9012192E20C00FE7228 /* ChatConfig.swift in Sources */ = {isa = PBXBuildFile; fileRef = 3D40B8AB2192E20C00FE7228 /* ChatConfig.swift */; };
		3D4434E9221A71AF009B5CD0 /* ContactCell.swift in Sources */ = {isa = PBXBuildFile; fileRef = 3D4434E7221A71AF009B5CD0 /* ContactCell.swift */; };
		3D4434EA221A71AF009B5CD0 /* ContactCell.xib in Resources */ = {isa = PBXBuildFile; fileRef = 3D4434E8221A71AF009B5CD0 /* ContactCell.xib */; };
		3D4A7A3923D18BF90029ED28 /* QiscusCoreManager.swift in Sources */ = {isa = PBXBuildFile; fileRef = 3D4A7A3823D18BF80029ED28 /* QiscusCoreManager.swift */; };
		3D5DD760222780E300E39C96 /* ProfileVC.swift in Sources */ = {isa = PBXBuildFile; fileRef = 3D5DD75E222780E300E39C96 /* ProfileVC.swift */; };
		3D5DD761222780E300E39C96 /* ProfileVC.xib in Resources */ = {isa = PBXBuildFile; fileRef = 3D5DD75F222780E300E39C96 /* ProfileVC.xib */; };
		3D5DD76422279AA400E39C96 /* EditNameVC.swift in Sources */ = {isa = PBXBuildFile; fileRef = 3D5DD76222279AA400E39C96 /* EditNameVC.swift */; };
		3D5DD76522279AA400E39C96 /* EditNameVC.xib in Resources */ = {isa = PBXBuildFile; fileRef = 3D5DD76322279AA400E39C96 /* EditNameVC.xib */; };
		3D80B2AF221BB4770053280C /* CreateNewGroupVC.swift in Sources */ = {isa = PBXBuildFile; fileRef = 3D80B2AD221BB4770053280C /* CreateNewGroupVC.swift */; };
		3D80B2B0221BB4770053280C /* CreateNewGroupVC.xib in Resources */ = {isa = PBXBuildFile; fileRef = 3D80B2AE221BB4770053280C /* CreateNewGroupVC.xib */; };
		3D80B2B3221BB75A0053280C /* ContactSelectCollCell.xib in Resources */ = {isa = PBXBuildFile; fileRef = 3D80B2B1221BB75A0053280C /* ContactSelectCollCell.xib */; };
		3D80B2B4221BB75A0053280C /* ContactSelectCollCell.swift in Sources */ = {isa = PBXBuildFile; fileRef = 3D80B2B2221BB75A0053280C /* ContactSelectCollCell.swift */; };
		3D80B2B7221BDBE80053280C /* CreateGroupInfoVC.swift in Sources */ = {isa = PBXBuildFile; fileRef = 3D80B2B5221BDBE80053280C /* CreateGroupInfoVC.swift */; };
		3D80B2B8221BDBE80053280C /* CreateGroupInfoVC.xib in Resources */ = {isa = PBXBuildFile; fileRef = 3D80B2B6221BDBE80053280C /* CreateGroupInfoVC.xib */; };
		3D819A26221D0BFB00F1B7CA /* UITextField.swift in Sources */ = {isa = PBXBuildFile; fileRef = 3D819A25221D0BFB00F1B7CA /* UITextField.swift */; };
		3D819A2A221E58D400F1B7CA /* CloudKit.framework in Frameworks */ = {isa = PBXBuildFile; fileRef = 3D819A29221E58D400F1B7CA /* CloudKit.framework */; };
		3D819A2D221E655800F1B7CA /* QFileLeftCell.swift in Sources */ = {isa = PBXBuildFile; fileRef = 3D819A2B221E655800F1B7CA /* QFileLeftCell.swift */; };
		3D819A2E221E655800F1B7CA /* QFileLeftCell.xib in Resources */ = {isa = PBXBuildFile; fileRef = 3D819A2C221E655800F1B7CA /* QFileLeftCell.xib */; };
		3D819A31221E656C00F1B7CA /* QFileRightCell.swift in Sources */ = {isa = PBXBuildFile; fileRef = 3D819A2F221E656C00F1B7CA /* QFileRightCell.swift */; };
		3D819A32221E656C00F1B7CA /* QFileRightCell.xib in Resources */ = {isa = PBXBuildFile; fileRef = 3D819A30221E656C00F1B7CA /* QFileRightCell.xib */; };
		3D8F0D6122684130000135CA /* UserDefault.swift in Sources */ = {isa = PBXBuildFile; fileRef = 3D8F0D6022684130000135CA /* UserDefault.swift */; };
		3DA7C69B221A68A30018A94F /* NewConversationVC.swift in Sources */ = {isa = PBXBuildFile; fileRef = 3DA7C699221A68A20018A94F /* NewConversationVC.swift */; };
		3DA7C69C221A68A30018A94F /* NewConversationVC.xib in Resources */ = {isa = PBXBuildFile; fileRef = 3DA7C69A221A68A20018A94F /* NewConversationVC.xib */; };
		3DAF2A38222E62850002B4E3 /* RoomInfoVC.swift in Sources */ = {isa = PBXBuildFile; fileRef = 3DAF2A36222E62850002B4E3 /* RoomInfoVC.swift */; };
		3DAF2A39222E62850002B4E3 /* RoomInfoVC.xib in Resources */ = {isa = PBXBuildFile; fileRef = 3DAF2A37222E62850002B4E3 /* RoomInfoVC.xib */; };
		3DAF2A3C222E77B60002B4E3 /* EditRoomNameVC.swift in Sources */ = {isa = PBXBuildFile; fileRef = 3DAF2A3A222E77B60002B4E3 /* EditRoomNameVC.swift */; };
		3DAF2A3D222E77B60002B4E3 /* EditRoomNameVC.xib in Resources */ = {isa = PBXBuildFile; fileRef = 3DAF2A3B222E77B60002B4E3 /* EditRoomNameVC.xib */; };
		3DB8E9842408BDF200D766B9 /* LoginViewController2.swift in Sources */ = {isa = PBXBuildFile; fileRef = 3DB8E9822408BDF200D766B9 /* LoginViewController2.swift */; };
		3DB8E9852408BDF200D766B9 /* LoginViewController2.xib in Resources */ = {isa = PBXBuildFile; fileRef = 3DB8E9832408BDF200D766B9 /* LoginViewController2.xib */; };
		3DB8E9892408BE9800D766B9 /* CreateChatViewController.swift in Sources */ = {isa = PBXBuildFile; fileRef = 3DB8E9872408BE9800D766B9 /* CreateChatViewController.swift */; };
		3DB8E98A2408BE9800D766B9 /* CreateChatViewController.xib in Resources */ = {isa = PBXBuildFile; fileRef = 3DB8E9882408BE9800D766B9 /* CreateChatViewController.xib */; };
		3DCF6A3A2199277F00C108E6 /* LoginViewController.swift in Sources */ = {isa = PBXBuildFile; fileRef = 3DCF6A382199277E00C108E6 /* LoginViewController.swift */; };
		3DCF6A3B2199277F00C108E6 /* LoginViewController.xib in Resources */ = {isa = PBXBuildFile; fileRef = 3DCF6A392199277E00C108E6 /* LoginViewController.xib */; };
		3DCF6A3D2199545200C108E6 /* Date.swift in Sources */ = {isa = PBXBuildFile; fileRef = 3DCF6A3C2199545100C108E6 /* Date.swift */; };
		3DDEFB652192D35600484795 /* AppDelegate.swift in Sources */ = {isa = PBXBuildFile; fileRef = 3DDEFB642192D35600484795 /* AppDelegate.swift */; };
		3DDEFB6A2192D35600484795 /* Main.storyboard in Resources */ = {isa = PBXBuildFile; fileRef = 3DDEFB682192D35600484795 /* Main.storyboard */; };
		3DDEFB6C2192D35D00484795 /* Assets.xcassets in Resources */ = {isa = PBXBuildFile; fileRef = 3DDEFB6B2192D35D00484795 /* Assets.xcassets */; };
		3DDEFB6F2192D35D00484795 /* LaunchScreen.storyboard in Resources */ = {isa = PBXBuildFile; fileRef = 3DDEFB6D2192D35D00484795 /* LaunchScreen.storyboard */; };
		3DFA437C23D562F900FD8505 /* UIChatViewController2.swift in Sources */ = {isa = PBXBuildFile; fileRef = 3DFA437A23D562F900FD8505 /* UIChatViewController2.swift */; };
		3DFA437D23D562F900FD8505 /* UIChatViewController2.xib in Resources */ = {isa = PBXBuildFile; fileRef = 3DFA437B23D562F900FD8505 /* UIChatViewController2.xib */; };
		3DFA437F23D563D900FD8505 /* UIChatPresenter2.swift in Sources */ = {isa = PBXBuildFile; fileRef = 3DFA437E23D563D900FD8505 /* UIChatPresenter2.swift */; };
		3DFA438823D5681A00FD8505 /* QiscusUploaderVC2.xib in Resources */ = {isa = PBXBuildFile; fileRef = 3DFA438123D5681900FD8505 /* QiscusUploaderVC2.xib */; };
		3DFA438923D5681A00FD8505 /* QiscusUploaderVC2.swift in Sources */ = {isa = PBXBuildFile; fileRef = 3DFA438223D5681900FD8505 /* QiscusUploaderVC2.swift */; };
		3DFA438A23D5681A00FD8505 /* CustomChatInput2.swift in Sources */ = {isa = PBXBuildFile; fileRef = 3DFA438423D5681A00FD8505 /* CustomChatInput2.swift */; };
		3DFA438B23D5681A00FD8505 /* UIChatInput2.swift in Sources */ = {isa = PBXBuildFile; fileRef = 3DFA438523D5681A00FD8505 /* UIChatInput2.swift */; };
		3DFA438C23D5681A00FD8505 /* UIChatInput2.xib in Resources */ = {isa = PBXBuildFile; fileRef = 3DFA438623D5681A00FD8505 /* UIChatInput2.xib */; };
		3DFA438D23D5681A00FD8505 /* CustomChatInput2.xib in Resources */ = {isa = PBXBuildFile; fileRef = 3DFA438723D5681A00FD8505 /* CustomChatInput2.xib */; };
		EE4AD92B42D67598F6C5EEA2 /* Pods_Example.framework in Frameworks */ = {isa = PBXBuildFile; fileRef = 93E910F3CE92601E11DB86C8 /* Pods_Example.framework */; };
/* End PBXBuildFile section */

/* Begin PBXFileReference section */
		3D19064723D8408900425A92 /* UIChatNavigation2.swift */ = {isa = PBXFileReference; fileEncoding = 4; lastKnownFileType = sourcecode.swift; path = UIChatNavigation2.swift; sourceTree = "<group>"; };
		3D19064823D8408A00425A92 /* UIChatNavigation2.xib */ = {isa = PBXFileReference; fileEncoding = 4; lastKnownFileType = file.xib; path = UIChatNavigation2.xib; sourceTree = "<group>"; };
		3D38549E21B4DE6500435B31 /* UIChatPresenter.swift */ = {isa = PBXFileReference; fileEncoding = 4; lastKnownFileType = sourcecode.swift; path = UIChatPresenter.swift; sourceTree = "<group>"; };
		3D38549F21B4DE6500435B31 /* UIChatNavigation.swift */ = {isa = PBXFileReference; fileEncoding = 4; lastKnownFileType = sourcecode.swift; path = UIChatNavigation.swift; sourceTree = "<group>"; };
		3D3854A021B4DE6600435B31 /* UIChatViewController.swift */ = {isa = PBXFileReference; fileEncoding = 4; lastKnownFileType = sourcecode.swift; path = UIChatViewController.swift; sourceTree = "<group>"; };
		3D3854A121B4DE6600435B31 /* UIChatViewController.xib */ = {isa = PBXFileReference; fileEncoding = 4; lastKnownFileType = file.xib; path = UIChatViewController.xib; sourceTree = "<group>"; };
		3D3854A221B4DE6600435B31 /* UIChatNavigation.xib */ = {isa = PBXFileReference; fileEncoding = 4; lastKnownFileType = file.xib; path = UIChatNavigation.xib; sourceTree = "<group>"; };
		3D3854A821B4E03500435B31 /* UIChatListViewController.swift */ = {isa = PBXFileReference; fileEncoding = 4; lastKnownFileType = sourcecode.swift; path = UIChatListViewController.swift; sourceTree = "<group>"; };
		3D3854A921B4E03600435B31 /* UIChatListViewController.xib */ = {isa = PBXFileReference; fileEncoding = 4; lastKnownFileType = file.xib; path = UIChatListViewController.xib; sourceTree = "<group>"; };
		3D3854AA21B4E03600435B31 /* UIChatListPresenter.swift */ = {isa = PBXFileReference; fileEncoding = 4; lastKnownFileType = sourcecode.swift; path = UIChatListPresenter.swift; sourceTree = "<group>"; };
		3D3854AE21B4E12E00435B31 /* UIChatInput.xib */ = {isa = PBXFileReference; fileEncoding = 4; lastKnownFileType = file.xib; path = UIChatInput.xib; sourceTree = "<group>"; };
		3D3854AF21B4E12F00435B31 /* UIChatInput.swift */ = {isa = PBXFileReference; fileEncoding = 4; lastKnownFileType = sourcecode.swift; path = UIChatInput.swift; sourceTree = "<group>"; };
		3D3854B421B4E34700435B31 /* UIChatListViewCell.swift */ = {isa = PBXFileReference; fileEncoding = 4; lastKnownFileType = sourcecode.swift; path = UIChatListViewCell.swift; sourceTree = "<group>"; };
		3D3854B521B4E34800435B31 /* UIChatListViewCell.xib */ = {isa = PBXFileReference; fileEncoding = 4; lastKnownFileType = file.xib; path = UIChatListViewCell.xib; sourceTree = "<group>"; };
		3D3854B921B6409A00435B31 /* EmptyCell.xib */ = {isa = PBXFileReference; fileEncoding = 4; lastKnownFileType = file.xib; path = EmptyCell.xib; sourceTree = "<group>"; };
		3D3854BA21B6409A00435B31 /* EmptyCell.swift */ = {isa = PBXFileReference; fileEncoding = 4; lastKnownFileType = sourcecode.swift; path = EmptyCell.swift; sourceTree = "<group>"; };
		3D40B84D2192E20800FE7228 /* QExtensionUICore.swift */ = {isa = PBXFileReference; fileEncoding = 4; lastKnownFileType = sourcecode.swift; path = QExtensionUICore.swift; sourceTree = "<group>"; };
		3D40B84E2192E20900FE7228 /* QiscusUploaderVC.xib */ = {isa = PBXFileReference; fileEncoding = 4; lastKnownFileType = file.xib; path = QiscusUploaderVC.xib; sourceTree = "<group>"; };
		3D40B84F2192E20900FE7228 /* QUIBaseChatCell.swift */ = {isa = PBXFileReference; fileEncoding = 4; lastKnownFileType = sourcecode.swift; path = QUIBaseChatCell.swift; sourceTree = "<group>"; };
		3D40B8542192E20900FE7228 /* QMessage.swift */ = {isa = PBXFileReference; fileEncoding = 4; lastKnownFileType = sourcecode.swift; path = QMessage.swift; sourceTree = "<group>"; };
		3D40B8562192E20900FE7228 /* UIView.swift */ = {isa = PBXFileReference; fileEncoding = 4; lastKnownFileType = sourcecode.swift; path = UIView.swift; sourceTree = "<group>"; };
		3D40B8572192E20900FE7228 /* ViewController.swift */ = {isa = PBXFileReference; fileEncoding = 4; lastKnownFileType = sourcecode.swift; path = ViewController.swift; sourceTree = "<group>"; };
		3D40B8582192E20900FE7228 /* NavigationBar.swift */ = {isa = PBXFileReference; fileEncoding = 4; lastKnownFileType = sourcecode.swift; path = NavigationBar.swift; sourceTree = "<group>"; };
		3D40B8592192E20900FE7228 /* Background.swift */ = {isa = PBXFileReference; fileEncoding = 4; lastKnownFileType = sourcecode.swift; path = Background.swift; sourceTree = "<group>"; };
		3D40B85A2192E20900FE7228 /* UIImage.swift */ = {isa = PBXFileReference; fileEncoding = 4; lastKnownFileType = sourcecode.swift; path = UIImage.swift; sourceTree = "<group>"; };
		3D40B85E2192E20900FE7228 /* QPopUpView.swift */ = {isa = PBXFileReference; fileEncoding = 4; lastKnownFileType = sourcecode.swift; path = QPopUpView.swift; sourceTree = "<group>"; };
		3D40B8622192E20900FE7228 /* QPopUpView.xib */ = {isa = PBXFileReference; fileEncoding = 4; lastKnownFileType = file.xib; path = QPopUpView.xib; sourceTree = "<group>"; };
		3D40B86B2192E20A00FE7228 /* ChatPreviewDocVC.swift */ = {isa = PBXFileReference; fileEncoding = 4; lastKnownFileType = sourcecode.swift; path = ChatPreviewDocVC.swift; sourceTree = "<group>"; };
		3D40B86C2192E20A00FE7228 /* ChatPreviewDocVC.xib */ = {isa = PBXFileReference; fileEncoding = 4; lastKnownFileType = file.xib; path = ChatPreviewDocVC.xib; sourceTree = "<group>"; };
		3D40B86F2192E20A00FE7228 /* CustomChatInput.swift */ = {isa = PBXFileReference; fileEncoding = 4; lastKnownFileType = sourcecode.swift; path = CustomChatInput.swift; sourceTree = "<group>"; };
		3D40B8702192E20A00FE7228 /* CustomChatInput.xib */ = {isa = PBXFileReference; fileEncoding = 4; lastKnownFileType = file.xib; path = CustomChatInput.xib; sourceTree = "<group>"; };
		3D40B8722192E20A00FE7228 /* QTextLeftCell.xib */ = {isa = PBXFileReference; fileEncoding = 4; lastKnownFileType = file.xib; path = QTextLeftCell.xib; sourceTree = "<group>"; };
		3D40B87B2192E20A00FE7228 /* QImageLeftCell.swift */ = {isa = PBXFileReference; fileEncoding = 4; lastKnownFileType = sourcecode.swift; path = QImageLeftCell.swift; sourceTree = "<group>"; };
		3D40B87C2192E20A00FE7228 /* QTextRightCell.xib */ = {isa = PBXFileReference; fileEncoding = 4; lastKnownFileType = file.xib; path = QTextRightCell.xib; sourceTree = "<group>"; };
		3D40B87D2192E20A00FE7228 /* QImageLeftCell.xib */ = {isa = PBXFileReference; fileEncoding = 4; lastKnownFileType = file.xib; path = QImageLeftCell.xib; sourceTree = "<group>"; };
		3D40B87E2192E20A00FE7228 /* QTextLeftCell.swift */ = {isa = PBXFileReference; fileEncoding = 4; lastKnownFileType = sourcecode.swift; path = QTextLeftCell.swift; sourceTree = "<group>"; };
		3D40B87F2192E20A00FE7228 /* QSystemCell.xib */ = {isa = PBXFileReference; fileEncoding = 4; lastKnownFileType = file.xib; path = QSystemCell.xib; sourceTree = "<group>"; };
		3D40B88E2192E20A00FE7228 /* QSystemCell.swift */ = {isa = PBXFileReference; fileEncoding = 4; lastKnownFileType = sourcecode.swift; path = QSystemCell.swift; sourceTree = "<group>"; };
		3D40B8912192E20A00FE7228 /* QImageRightCell.xib */ = {isa = PBXFileReference; fileEncoding = 4; lastKnownFileType = file.xib; path = QImageRightCell.xib; sourceTree = "<group>"; };
		3D40B8952192E20A00FE7228 /* QTextRightCell.swift */ = {isa = PBXFileReference; fileEncoding = 4; lastKnownFileType = sourcecode.swift; path = QTextRightCell.swift; sourceTree = "<group>"; };
		3D40B8982192E20A00FE7228 /* QImageRightCell.swift */ = {isa = PBXFileReference; fileEncoding = 4; lastKnownFileType = sourcecode.swift; path = QImageRightCell.swift; sourceTree = "<group>"; };
		3D40B8992192E20B00FE7228 /* QiscusUploaderVC.swift */ = {isa = PBXFileReference; fileEncoding = 4; lastKnownFileType = sourcecode.swift; path = QiscusUploaderVC.swift; sourceTree = "<group>"; };
		3D40B8A82192E20C00FE7228 /* AssetsConfiguration.swift */ = {isa = PBXFileReference; fileEncoding = 4; lastKnownFileType = sourcecode.swift; path = AssetsConfiguration.swift; sourceTree = "<group>"; };
		3D40B8A92192E20C00FE7228 /* QiscusTextConfiguration.swift */ = {isa = PBXFileReference; fileEncoding = 4; lastKnownFileType = sourcecode.swift; path = QiscusTextConfiguration.swift; sourceTree = "<group>"; };
		3D40B8AA2192E20C00FE7228 /* ColorConfiguration.swift */ = {isa = PBXFileReference; fileEncoding = 4; lastKnownFileType = sourcecode.swift; path = ColorConfiguration.swift; sourceTree = "<group>"; };
		3D40B8AB2192E20C00FE7228 /* ChatConfig.swift */ = {isa = PBXFileReference; fileEncoding = 4; lastKnownFileType = sourcecode.swift; path = ChatConfig.swift; sourceTree = "<group>"; };
		3D4434E7221A71AF009B5CD0 /* ContactCell.swift */ = {isa = PBXFileReference; fileEncoding = 4; lastKnownFileType = sourcecode.swift; path = ContactCell.swift; sourceTree = "<group>"; };
		3D4434E8221A71AF009B5CD0 /* ContactCell.xib */ = {isa = PBXFileReference; fileEncoding = 4; lastKnownFileType = file.xib; path = ContactCell.xib; sourceTree = "<group>"; };
		3D4A7A3823D18BF80029ED28 /* QiscusCoreManager.swift */ = {isa = PBXFileReference; lastKnownFileType = sourcecode.swift; path = QiscusCoreManager.swift; sourceTree = "<group>"; };
		3D5DD75E222780E300E39C96 /* ProfileVC.swift */ = {isa = PBXFileReference; lastKnownFileType = sourcecode.swift; path = ProfileVC.swift; sourceTree = "<group>"; };
		3D5DD75F222780E300E39C96 /* ProfileVC.xib */ = {isa = PBXFileReference; lastKnownFileType = file.xib; path = ProfileVC.xib; sourceTree = "<group>"; };
		3D5DD76222279AA400E39C96 /* EditNameVC.swift */ = {isa = PBXFileReference; lastKnownFileType = sourcecode.swift; path = EditNameVC.swift; sourceTree = "<group>"; };
		3D5DD76322279AA400E39C96 /* EditNameVC.xib */ = {isa = PBXFileReference; lastKnownFileType = file.xib; path = EditNameVC.xib; sourceTree = "<group>"; };
		3D80B2AD221BB4770053280C /* CreateNewGroupVC.swift */ = {isa = PBXFileReference; lastKnownFileType = sourcecode.swift; path = CreateNewGroupVC.swift; sourceTree = "<group>"; };
		3D80B2AE221BB4770053280C /* CreateNewGroupVC.xib */ = {isa = PBXFileReference; lastKnownFileType = file.xib; path = CreateNewGroupVC.xib; sourceTree = "<group>"; };
		3D80B2B1221BB75A0053280C /* ContactSelectCollCell.xib */ = {isa = PBXFileReference; fileEncoding = 4; lastKnownFileType = file.xib; path = ContactSelectCollCell.xib; sourceTree = "<group>"; };
		3D80B2B2221BB75A0053280C /* ContactSelectCollCell.swift */ = {isa = PBXFileReference; fileEncoding = 4; lastKnownFileType = sourcecode.swift; path = ContactSelectCollCell.swift; sourceTree = "<group>"; };
		3D80B2B5221BDBE80053280C /* CreateGroupInfoVC.swift */ = {isa = PBXFileReference; lastKnownFileType = sourcecode.swift; path = CreateGroupInfoVC.swift; sourceTree = "<group>"; };
		3D80B2B6221BDBE80053280C /* CreateGroupInfoVC.xib */ = {isa = PBXFileReference; lastKnownFileType = file.xib; path = CreateGroupInfoVC.xib; sourceTree = "<group>"; };
		3D819A25221D0BFB00F1B7CA /* UITextField.swift */ = {isa = PBXFileReference; lastKnownFileType = sourcecode.swift; path = UITextField.swift; sourceTree = "<group>"; };
		3D819A27221D1A7900F1B7CA /* Qiscus.entitlements */ = {isa = PBXFileReference; lastKnownFileType = text.plist.entitlements; path = Qiscus.entitlements; sourceTree = "<group>"; };
		3D819A29221E58D400F1B7CA /* CloudKit.framework */ = {isa = PBXFileReference; lastKnownFileType = wrapper.framework; name = CloudKit.framework; path = System/Library/Frameworks/CloudKit.framework; sourceTree = SDKROOT; };
		3D819A2B221E655800F1B7CA /* QFileLeftCell.swift */ = {isa = PBXFileReference; lastKnownFileType = sourcecode.swift; path = QFileLeftCell.swift; sourceTree = "<group>"; };
		3D819A2C221E655800F1B7CA /* QFileLeftCell.xib */ = {isa = PBXFileReference; lastKnownFileType = file.xib; path = QFileLeftCell.xib; sourceTree = "<group>"; };
		3D819A2F221E656C00F1B7CA /* QFileRightCell.swift */ = {isa = PBXFileReference; lastKnownFileType = sourcecode.swift; path = QFileRightCell.swift; sourceTree = "<group>"; };
		3D819A30221E656C00F1B7CA /* QFileRightCell.xib */ = {isa = PBXFileReference; lastKnownFileType = file.xib; path = QFileRightCell.xib; sourceTree = "<group>"; };
		3D8F0D6022684130000135CA /* UserDefault.swift */ = {isa = PBXFileReference; lastKnownFileType = sourcecode.swift; name = UserDefault.swift; path = Example/UserDefault.swift; sourceTree = SOURCE_ROOT; };
		3DA7C699221A68A20018A94F /* NewConversationVC.swift */ = {isa = PBXFileReference; lastKnownFileType = sourcecode.swift; path = NewConversationVC.swift; sourceTree = "<group>"; };
		3DA7C69A221A68A20018A94F /* NewConversationVC.xib */ = {isa = PBXFileReference; lastKnownFileType = file.xib; path = NewConversationVC.xib; sourceTree = "<group>"; };
		3DAF2A36222E62850002B4E3 /* RoomInfoVC.swift */ = {isa = PBXFileReference; lastKnownFileType = sourcecode.swift; path = RoomInfoVC.swift; sourceTree = "<group>"; };
		3DAF2A37222E62850002B4E3 /* RoomInfoVC.xib */ = {isa = PBXFileReference; lastKnownFileType = file.xib; path = RoomInfoVC.xib; sourceTree = "<group>"; };
		3DAF2A3A222E77B60002B4E3 /* EditRoomNameVC.swift */ = {isa = PBXFileReference; lastKnownFileType = sourcecode.swift; path = EditRoomNameVC.swift; sourceTree = "<group>"; };
		3DAF2A3B222E77B60002B4E3 /* EditRoomNameVC.xib */ = {isa = PBXFileReference; lastKnownFileType = file.xib; path = EditRoomNameVC.xib; sourceTree = "<group>"; };
		3DB8E9822408BDF200D766B9 /* LoginViewController2.swift */ = {isa = PBXFileReference; lastKnownFileType = sourcecode.swift; path = LoginViewController2.swift; sourceTree = "<group>"; };
		3DB8E9832408BDF200D766B9 /* LoginViewController2.xib */ = {isa = PBXFileReference; lastKnownFileType = file.xib; path = LoginViewController2.xib; sourceTree = "<group>"; };
		3DB8E9872408BE9800D766B9 /* CreateChatViewController.swift */ = {isa = PBXFileReference; lastKnownFileType = sourcecode.swift; path = CreateChatViewController.swift; sourceTree = "<group>"; };
		3DB8E9882408BE9800D766B9 /* CreateChatViewController.xib */ = {isa = PBXFileReference; lastKnownFileType = file.xib; path = CreateChatViewController.xib; sourceTree = "<group>"; };
		3DCF6A382199277E00C108E6 /* LoginViewController.swift */ = {isa = PBXFileReference; fileEncoding = 4; lastKnownFileType = sourcecode.swift; path = LoginViewController.swift; sourceTree = "<group>"; };
		3DCF6A392199277E00C108E6 /* LoginViewController.xib */ = {isa = PBXFileReference; fileEncoding = 4; lastKnownFileType = file.xib; path = LoginViewController.xib; sourceTree = "<group>"; };
		3DCF6A3C2199545100C108E6 /* Date.swift */ = {isa = PBXFileReference; lastKnownFileType = sourcecode.swift; path = Date.swift; sourceTree = "<group>"; };
		3DDEFB612192D35600484795 /* Qiscus.app */ = {isa = PBXFileReference; explicitFileType = wrapper.application; includeInIndex = 0; path = Qiscus.app; sourceTree = BUILT_PRODUCTS_DIR; };
		3DDEFB642192D35600484795 /* AppDelegate.swift */ = {isa = PBXFileReference; lastKnownFileType = sourcecode.swift; path = AppDelegate.swift; sourceTree = "<group>"; };
		3DDEFB692192D35600484795 /* Base */ = {isa = PBXFileReference; lastKnownFileType = file.storyboard; name = Base; path = Base.lproj/Main.storyboard; sourceTree = "<group>"; };
		3DDEFB6B2192D35D00484795 /* Assets.xcassets */ = {isa = PBXFileReference; lastKnownFileType = folder.assetcatalog; path = Assets.xcassets; sourceTree = "<group>"; };
		3DDEFB6E2192D35D00484795 /* Base */ = {isa = PBXFileReference; lastKnownFileType = file.storyboard; name = Base; path = Base.lproj/LaunchScreen.storyboard; sourceTree = "<group>"; };
		3DDEFB702192D35D00484795 /* Info.plist */ = {isa = PBXFileReference; lastKnownFileType = text.plist.xml; path = Info.plist; sourceTree = "<group>"; };
		3DFA437A23D562F900FD8505 /* UIChatViewController2.swift */ = {isa = PBXFileReference; lastKnownFileType = sourcecode.swift; path = UIChatViewController2.swift; sourceTree = "<group>"; };
		3DFA437B23D562F900FD8505 /* UIChatViewController2.xib */ = {isa = PBXFileReference; lastKnownFileType = file.xib; path = UIChatViewController2.xib; sourceTree = "<group>"; };
		3DFA437E23D563D900FD8505 /* UIChatPresenter2.swift */ = {isa = PBXFileReference; lastKnownFileType = sourcecode.swift; path = UIChatPresenter2.swift; sourceTree = "<group>"; };
		3DFA438123D5681900FD8505 /* QiscusUploaderVC2.xib */ = {isa = PBXFileReference; fileEncoding = 4; lastKnownFileType = file.xib; path = QiscusUploaderVC2.xib; sourceTree = "<group>"; };
		3DFA438223D5681900FD8505 /* QiscusUploaderVC2.swift */ = {isa = PBXFileReference; fileEncoding = 4; lastKnownFileType = sourcecode.swift; path = QiscusUploaderVC2.swift; sourceTree = "<group>"; };
		3DFA438423D5681A00FD8505 /* CustomChatInput2.swift */ = {isa = PBXFileReference; fileEncoding = 4; lastKnownFileType = sourcecode.swift; path = CustomChatInput2.swift; sourceTree = "<group>"; };
		3DFA438523D5681A00FD8505 /* UIChatInput2.swift */ = {isa = PBXFileReference; fileEncoding = 4; lastKnownFileType = sourcecode.swift; path = UIChatInput2.swift; sourceTree = "<group>"; };
		3DFA438623D5681A00FD8505 /* UIChatInput2.xib */ = {isa = PBXFileReference; fileEncoding = 4; lastKnownFileType = file.xib; path = UIChatInput2.xib; sourceTree = "<group>"; };
		3DFA438723D5681A00FD8505 /* CustomChatInput2.xib */ = {isa = PBXFileReference; fileEncoding = 4; lastKnownFileType = file.xib; path = CustomChatInput2.xib; sourceTree = "<group>"; };
		93E910F3CE92601E11DB86C8 /* Pods_Example.framework */ = {isa = PBXFileReference; explicitFileType = wrapper.framework; includeInIndex = 0; path = Pods_Example.framework; sourceTree = BUILT_PRODUCTS_DIR; };
		C02BD24DCE9BA0B6E0BC7700 /* Pods-Example.debug.xcconfig */ = {isa = PBXFileReference; includeInIndex = 1; lastKnownFileType = text.xcconfig; name = "Pods-Example.debug.xcconfig"; path = "Pods/Target Support Files/Pods-Example/Pods-Example.debug.xcconfig"; sourceTree = "<group>"; };
		C5AD7F688AE45942F951EE04 /* Pods-Example.release.xcconfig */ = {isa = PBXFileReference; includeInIndex = 1; lastKnownFileType = text.xcconfig; name = "Pods-Example.release.xcconfig"; path = "Pods/Target Support Files/Pods-Example/Pods-Example.release.xcconfig"; sourceTree = "<group>"; };
/* End PBXFileReference section */

/* Begin PBXFrameworksBuildPhase section */
		3DDEFB5E2192D35600484795 /* Frameworks */ = {
			isa = PBXFrameworksBuildPhase;
			buildActionMask = 2147483647;
			files = (
				EE4AD92B42D67598F6C5EEA2 /* Pods_Example.framework in Frameworks */,
				3D819A2A221E58D400F1B7CA /* CloudKit.framework in Frameworks */,
			);
			runOnlyForDeploymentPostprocessing = 0;
		};
/* End PBXFrameworksBuildPhase section */

/* Begin PBXGroup section */
		3D3854B821B534A500435B31 /* ChatListCell */ = {
			isa = PBXGroup;
			children = (
				3D3854B421B4E34700435B31 /* UIChatListViewCell.swift */,
				3D3854B521B4E34800435B31 /* UIChatListViewCell.xib */,
			);
			path = ChatListCell;
			sourceTree = "<group>";
		};
		3D40B8502192E20900FE7228 /* Model */ = {
			isa = PBXGroup;
			children = (
				3D40B8542192E20900FE7228 /* QMessage.swift */,
			);
			path = Model;
			sourceTree = "<group>";
		};
		3D40B8552192E20900FE7228 /* Extension */ = {
			isa = PBXGroup;
			children = (
				3D40B84D2192E20800FE7228 /* QExtensionUICore.swift */,
				3D40B8562192E20900FE7228 /* UIView.swift */,
				3D40B8572192E20900FE7228 /* ViewController.swift */,
				3D40B8582192E20900FE7228 /* NavigationBar.swift */,
				3D40B8592192E20900FE7228 /* Background.swift */,
				3D40B85A2192E20900FE7228 /* UIImage.swift */,
				3DCF6A3C2199545100C108E6 /* Date.swift */,
				3D819A25221D0BFB00F1B7CA /* UITextField.swift */,
				3D8F0D6022684130000135CA /* UserDefault.swift */,
			);
			path = Extension;
			sourceTree = "<group>";
		};
		3D40B85D2192E20900FE7228 /* Library */ = {
			isa = PBXGroup;
			children = (
				3D40B85E2192E20900FE7228 /* QPopUpView.swift */,
				3D40B8622192E20900FE7228 /* QPopUpView.xib */,
			);
			path = Library;
			sourceTree = "<group>";
		};
		3D40B86E2192E20A00FE7228 /* ChatInput */ = {
			isa = PBXGroup;
			children = (
				3D3854AF21B4E12F00435B31 /* UIChatInput.swift */,
				3D3854AE21B4E12E00435B31 /* UIChatInput.xib */,
				3D40B86F2192E20A00FE7228 /* CustomChatInput.swift */,
				3D40B8702192E20A00FE7228 /* CustomChatInput.xib */,
			);
			path = ChatInput;
			sourceTree = "<group>";
		};
		3D40B8712192E20A00FE7228 /* ChatCell */ = {
			isa = PBXGroup;
			children = (
				3D8474E5219D2CA3004877C8 /* TextCell */,
				3D8474E7219D2CEF004877C8 /* ImageCell */,
				3D819A28221E574400F1B7CA /* FileCell */,
				3D40B84F2192E20900FE7228 /* QUIBaseChatCell.swift */,
				3D3854BA21B6409A00435B31 /* EmptyCell.swift */,
				3D3854B921B6409A00435B31 /* EmptyCell.xib */,
				3D40B88E2192E20A00FE7228 /* QSystemCell.swift */,
				3D40B87F2192E20A00FE7228 /* QSystemCell.xib */,
			);
			path = ChatCell;
			sourceTree = "<group>";
		};
		3D40B89A2192E20B00FE7228 /* ChatList */ = {
			isa = PBXGroup;
			children = (
				3D3854B821B534A500435B31 /* ChatListCell */,
				3D3854AA21B4E03600435B31 /* UIChatListPresenter.swift */,
				3D3854A821B4E03500435B31 /* UIChatListViewController.swift */,
				3D3854A921B4E03600435B31 /* UIChatListViewController.xib */,
			);
			path = ChatList;
			sourceTree = "<group>";
		};
		3D40B8A72192E20C00FE7228 /* Configuration */ = {
			isa = PBXGroup;
			children = (
				3D40B8A82192E20C00FE7228 /* AssetsConfiguration.swift */,
				3D40B8A92192E20C00FE7228 /* QiscusTextConfiguration.swift */,
				3D40B8AA2192E20C00FE7228 /* ColorConfiguration.swift */,
				3D40B8AB2192E20C00FE7228 /* ChatConfig.swift */,
			);
			path = Configuration;
			sourceTree = "<group>";
		};
		3D4434E6221A7172009B5CD0 /* Cell */ = {
			isa = PBXGroup;
			children = (
				3D80B2B2221BB75A0053280C /* ContactSelectCollCell.swift */,
				3D80B2B1221BB75A0053280C /* ContactSelectCollCell.xib */,
				3D4434E7221A71AF009B5CD0 /* ContactCell.swift */,
				3D4434E8221A71AF009B5CD0 /* ContactCell.xib */,
			);
			path = Cell;
			sourceTree = "<group>";
		};
		3D5DD75D2227809100E39C96 /* Profile */ = {
			isa = PBXGroup;
			children = (
				3D5DD75E222780E300E39C96 /* ProfileVC.swift */,
				3D5DD75F222780E300E39C96 /* ProfileVC.xib */,
				3D5DD76222279AA400E39C96 /* EditNameVC.swift */,
				3D5DD76322279AA400E39C96 /* EditNameVC.xib */,
			);
			path = Profile;
			sourceTree = "<group>";
		};
		3D80B2AC221BB4400053280C /* CreateGroup */ = {
			isa = PBXGroup;
			children = (
				3D80B2AD221BB4770053280C /* CreateNewGroupVC.swift */,
				3D80B2AE221BB4770053280C /* CreateNewGroupVC.xib */,
				3D80B2B5221BDBE80053280C /* CreateGroupInfoVC.swift */,
				3D80B2B6221BDBE80053280C /* CreateGroupInfoVC.xib */,
			);
			path = CreateGroup;
			sourceTree = "<group>";
		};
		3D819A28221E574400F1B7CA /* FileCell */ = {
			isa = PBXGroup;
			children = (
				3D819A2B221E655800F1B7CA /* QFileLeftCell.swift */,
				3D819A2C221E655800F1B7CA /* QFileLeftCell.xib */,
				3D819A2F221E656C00F1B7CA /* QFileRightCell.swift */,
				3D819A30221E656C00F1B7CA /* QFileRightCell.xib */,
			);
			path = FileCell;
			sourceTree = "<group>";
		};
		3D8474E5219D2CA3004877C8 /* TextCell */ = {
			isa = PBXGroup;
			children = (
				3D40B8722192E20A00FE7228 /* QTextLeftCell.xib */,
				3D40B87C2192E20A00FE7228 /* QTextRightCell.xib */,
				3D40B87E2192E20A00FE7228 /* QTextLeftCell.swift */,
				3D40B8952192E20A00FE7228 /* QTextRightCell.swift */,
			);
			path = TextCell;
			sourceTree = "<group>";
		};
		3D8474E7219D2CEF004877C8 /* ImageCell */ = {
			isa = PBXGroup;
			children = (
				3D40B87B2192E20A00FE7228 /* QImageLeftCell.swift */,
				3D40B87D2192E20A00FE7228 /* QImageLeftCell.xib */,
				3D40B8912192E20A00FE7228 /* QImageRightCell.xib */,
				3D40B8982192E20A00FE7228 /* QImageRightCell.swift */,
			);
			path = ImageCell;
			sourceTree = "<group>";
		};
		3DA7C698221A685A0018A94F /* Contact */ = {
			isa = PBXGroup;
			children = (
				3D80B2AC221BB4400053280C /* CreateGroup */,
				3D4434E6221A7172009B5CD0 /* Cell */,
				3DA7C699221A68A20018A94F /* NewConversationVC.swift */,
				3DA7C69A221A68A20018A94F /* NewConversationVC.xib */,
			);
			path = Contact;
			sourceTree = "<group>";
		};
		3DAF2A35222E62330002B4E3 /* RoomInfo */ = {
			isa = PBXGroup;
			children = (
				3DAF2A36222E62850002B4E3 /* RoomInfoVC.swift */,
				3DAF2A37222E62850002B4E3 /* RoomInfoVC.xib */,
				3DAF2A3A222E77B60002B4E3 /* EditRoomNameVC.swift */,
				3DAF2A3B222E77B60002B4E3 /* EditRoomNameVC.xib */,
			);
			path = RoomInfo;
			sourceTree = "<group>";
		};
		3DB8E9812408BDC800D766B9 /* Login2 */ = {
			isa = PBXGroup;
			children = (
				3DB8E9822408BDF200D766B9 /* LoginViewController2.swift */,
				3DB8E9832408BDF200D766B9 /* LoginViewController2.xib */,
			);
			path = Login2;
			sourceTree = "<group>";
		};
		3DB8E9862408BE7300D766B9 /* CreateChat */ = {
			isa = PBXGroup;
			children = (
				3DB8E9872408BE9800D766B9 /* CreateChatViewController.swift */,
				3DB8E9882408BE9800D766B9 /* CreateChatViewController.xib */,
			);
			path = CreateChat;
			sourceTree = "<group>";
		};
		3DCF6A37219926F800C108E6 /* Login */ = {
			isa = PBXGroup;
			children = (
				3DCF6A382199277E00C108E6 /* LoginViewController.swift */,
				3DCF6A392199277E00C108E6 /* LoginViewController.xib */,
			);
			path = Login;
			sourceTree = "<group>";
		};
		3DCF6A3E2199562700C108E6 /* ChatView */ = {
			isa = PBXGroup;
			children = (
				3DCF6A3F2199581200C108E6 /* ChatUpload */,
				3D40B8712192E20A00FE7228 /* ChatCell */,
				3D40B86E2192E20A00FE7228 /* ChatInput */,
				3D38549F21B4DE6500435B31 /* UIChatNavigation.swift */,
				3D3854A221B4DE6600435B31 /* UIChatNavigation.xib */,
				3D38549E21B4DE6500435B31 /* UIChatPresenter.swift */,
				3D3854A021B4DE6600435B31 /* UIChatViewController.swift */,
				3D3854A121B4DE6600435B31 /* UIChatViewController.xib */,
				3D40B86B2192E20A00FE7228 /* ChatPreviewDocVC.swift */,
				3D40B86C2192E20A00FE7228 /* ChatPreviewDocVC.xib */,
			);
			path = ChatView;
			sourceTree = "<group>";
		};
		3DCF6A3F2199581200C108E6 /* ChatUpload */ = {
			isa = PBXGroup;
			children = (
				3D40B8992192E20B00FE7228 /* QiscusUploaderVC.swift */,
				3D40B84E2192E20900FE7228 /* QiscusUploaderVC.xib */,
			);
			path = ChatUpload;
			sourceTree = "<group>";
		};
		3DDEFB582192D35600484795 = {
			isa = PBXGroup;
			children = (
				3DDEFB632192D35600484795 /* Example */,
				3DDEFB622192D35600484795 /* Products */,
				D70B999F40A6457404F78D14 /* Pods */,
				B5B82705ECBC497C39E5804D /* Frameworks */,
			);
			sourceTree = "<group>";
		};
		3DDEFB622192D35600484795 /* Products */ = {
			isa = PBXGroup;
			children = (
				3DDEFB612192D35600484795 /* Qiscus.app */,
			);
			name = Products;
			sourceTree = "<group>";
		};
		3DDEFB632192D35600484795 /* Example */ = {
			isa = PBXGroup;
			children = (
				3DFA437923D5621300FD8505 /* UIAppID2 */,
				3DAF2A35222E62330002B4E3 /* RoomInfo */,
				3D5DD75D2227809100E39C96 /* Profile */,
				3D819A27221D1A7900F1B7CA /* Qiscus.entitlements */,
				3DA7C698221A685A0018A94F /* Contact */,
				3DCF6A37219926F800C108E6 /* Login */,
				3D40B8A72192E20C00FE7228 /* Configuration */,
				3D40B8552192E20900FE7228 /* Extension */,
				3D40B85D2192E20900FE7228 /* Library */,
				3D40B8502192E20900FE7228 /* Model */,
				3DCF6A3E2199562700C108E6 /* ChatView */,
				3D40B89A2192E20B00FE7228 /* ChatList */,
				3DDEFB642192D35600484795 /* AppDelegate.swift */,
				3DDEFB682192D35600484795 /* Main.storyboard */,
				3DDEFB6B2192D35D00484795 /* Assets.xcassets */,
				3DDEFB6D2192D35D00484795 /* LaunchScreen.storyboard */,
				3DDEFB702192D35D00484795 /* Info.plist */,
				3D4A7A3823D18BF80029ED28 /* QiscusCoreManager.swift */,
			);
			path = Example;
			sourceTree = "<group>";
		};
		3DFA437923D5621300FD8505 /* UIAppID2 */ = {
			isa = PBXGroup;
			children = (
				3DB8E9862408BE7300D766B9 /* CreateChat */,
				3DB8E9812408BDC800D766B9 /* Login2 */,
				3D19064723D8408900425A92 /* UIChatNavigation2.swift */,
				3D19064823D8408A00425A92 /* UIChatNavigation2.xib */,
				3DFA438323D5681A00FD8505 /* ChatInput2 */,
				3DFA438023D5681900FD8505 /* ChatUpload2 */,
				3DFA437A23D562F900FD8505 /* UIChatViewController2.swift */,
				3DFA437B23D562F900FD8505 /* UIChatViewController2.xib */,
				3DFA437E23D563D900FD8505 /* UIChatPresenter2.swift */,
			);
			path = UIAppID2;
			sourceTree = "<group>";
		};
		3DFA438023D5681900FD8505 /* ChatUpload2 */ = {
			isa = PBXGroup;
			children = (
				3DFA438123D5681900FD8505 /* QiscusUploaderVC2.xib */,
				3DFA438223D5681900FD8505 /* QiscusUploaderVC2.swift */,
			);
			path = ChatUpload2;
			sourceTree = "<group>";
		};
		3DFA438323D5681A00FD8505 /* ChatInput2 */ = {
			isa = PBXGroup;
			children = (
				3DFA438423D5681A00FD8505 /* CustomChatInput2.swift */,
				3DFA438523D5681A00FD8505 /* UIChatInput2.swift */,
				3DFA438623D5681A00FD8505 /* UIChatInput2.xib */,
				3DFA438723D5681A00FD8505 /* CustomChatInput2.xib */,
			);
			path = ChatInput2;
			sourceTree = "<group>";
		};
		B5B82705ECBC497C39E5804D /* Frameworks */ = {
			isa = PBXGroup;
			children = (
				3D819A29221E58D400F1B7CA /* CloudKit.framework */,
				93E910F3CE92601E11DB86C8 /* Pods_Example.framework */,
			);
			name = Frameworks;
			sourceTree = "<group>";
		};
		D70B999F40A6457404F78D14 /* Pods */ = {
			isa = PBXGroup;
			children = (
				C02BD24DCE9BA0B6E0BC7700 /* Pods-Example.debug.xcconfig */,
				C5AD7F688AE45942F951EE04 /* Pods-Example.release.xcconfig */,
			);
			name = Pods;
			sourceTree = "<group>";
		};
/* End PBXGroup section */

/* Begin PBXNativeTarget section */
		3DDEFB602192D35600484795 /* Example */ = {
			isa = PBXNativeTarget;
			buildConfigurationList = 3DDEFB732192D35D00484795 /* Build configuration list for PBXNativeTarget "Example" */;
			buildPhases = (
				02C0D7EBE76652B4E7F88A7A /* [CP] Check Pods Manifest.lock */,
				3DDEFB5D2192D35600484795 /* Sources */,
				3DDEFB5E2192D35600484795 /* Frameworks */,
				3DDEFB5F2192D35600484795 /* Resources */,
				3C29835F5DE0C6DC65FB7414 /* [CP] Embed Pods Frameworks */,
			);
			buildRules = (
			);
			dependencies = (
			);
			name = Example;
			productName = Example;
			productReference = 3DDEFB612192D35600484795 /* Qiscus.app */;
			productType = "com.apple.product-type.application";
		};
/* End PBXNativeTarget section */

/* Begin PBXProject section */
		3DDEFB592192D35600484795 /* Project object */ = {
			isa = PBXProject;
			attributes = {
				LastSwiftUpdateCheck = 0940;
				LastUpgradeCheck = 0940;
				ORGANIZATIONNAME = Qiscus;
				TargetAttributes = {
					3DDEFB602192D35600484795 = {
						CreatedOnToolsVersion = 9.4.1;
						SystemCapabilities = {
							com.apple.BackgroundModes = {
								enabled = 1;
							};
							com.apple.Push = {
								enabled = 1;
							};
							com.apple.iCloud = {
								enabled = 1;
							};
						};
					};
				};
			};
			buildConfigurationList = 3DDEFB5C2192D35600484795 /* Build configuration list for PBXProject "Example" */;
			compatibilityVersion = "Xcode 9.3";
			developmentRegion = en;
			hasScannedForEncodings = 0;
			knownRegions = (
				en,
				Base,
			);
			mainGroup = 3DDEFB582192D35600484795;
			productRefGroup = 3DDEFB622192D35600484795 /* Products */;
			projectDirPath = "";
			projectRoot = "";
			targets = (
				3DDEFB602192D35600484795 /* Example */,
			);
		};
/* End PBXProject section */

/* Begin PBXResourcesBuildPhase section */
		3DDEFB5F2192D35600484795 /* Resources */ = {
			isa = PBXResourcesBuildPhase;
			buildActionMask = 2147483647;
			files = (
				3DDEFB6F2192D35D00484795 /* LaunchScreen.storyboard in Resources */,
				3DAF2A39222E62850002B4E3 /* RoomInfoVC.xib in Resources */,
				3DFA438C23D5681A00FD8505 /* UIChatInput2.xib in Resources */,
				3DB8E9852408BDF200D766B9 /* LoginViewController2.xib in Resources */,
				3D3854A621B4DE6600435B31 /* UIChatViewController.xib in Resources */,
				3D3854AC21B4E03600435B31 /* UIChatListViewController.xib in Resources */,
				3D5DD76522279AA400E39C96 /* EditNameVC.xib in Resources */,
				3DFA438823D5681A00FD8505 /* QiscusUploaderVC2.xib in Resources */,
				3D19064A23D8408A00425A92 /* UIChatNavigation2.xib in Resources */,
				3D40B8D72192E20C00FE7228 /* QSystemCell.xib in Resources */,
				3D819A2E221E655800F1B7CA /* QFileLeftCell.xib in Resources */,
				3D80B2B8221BDBE80053280C /* CreateGroupInfoVC.xib in Resources */,
				3DCF6A3B2199277F00C108E6 /* LoginViewController.xib in Resources */,
				3D40B8D52192E20C00FE7228 /* QImageLeftCell.xib in Resources */,
				3DAF2A3D222E77B60002B4E3 /* EditRoomNameVC.xib in Resources */,
				3D4434EA221A71AF009B5CD0 /* ContactCell.xib in Resources */,
				3D40B8CB2192E20C00FE7228 /* QTextLeftCell.xib in Resources */,
				3D5DD761222780E300E39C96 /* ProfileVC.xib in Resources */,
				3D40B8E92192E20C00FE7228 /* QImageRightCell.xib in Resources */,
				3DA7C69C221A68A30018A94F /* NewConversationVC.xib in Resources */,
				3D40B8D42192E20C00FE7228 /* QTextRightCell.xib in Resources */,
				3D40B8BF2192E20C00FE7228 /* QPopUpView.xib in Resources */,
				3DFA438D23D5681A00FD8505 /* CustomChatInput2.xib in Resources */,
				3DFA437D23D562F900FD8505 /* UIChatViewController2.xib in Resources */,
				3DB8E98A2408BE9800D766B9 /* CreateChatViewController.xib in Resources */,
				3D3854B021B4E12F00435B31 /* UIChatInput.xib in Resources */,
				3DDEFB6C2192D35D00484795 /* Assets.xcassets in Resources */,
				3D80B2B3221BB75A0053280C /* ContactSelectCollCell.xib in Resources */,
				3D40B8C72192E20C00FE7228 /* ChatPreviewDocVC.xib in Resources */,
				3D3854B721B4E34800435B31 /* UIChatListViewCell.xib in Resources */,
				3D3854A721B4DE6600435B31 /* UIChatNavigation.xib in Resources */,
				3D3854BB21B6409A00435B31 /* EmptyCell.xib in Resources */,
				3D40B8AE2192E20C00FE7228 /* QiscusUploaderVC.xib in Resources */,
				3D819A32221E656C00F1B7CA /* QFileRightCell.xib in Resources */,
				3DDEFB6A2192D35600484795 /* Main.storyboard in Resources */,
				3D40B8CA2192E20C00FE7228 /* CustomChatInput.xib in Resources */,
				3D80B2B0221BB4770053280C /* CreateNewGroupVC.xib in Resources */,
			);
			runOnlyForDeploymentPostprocessing = 0;
		};
/* End PBXResourcesBuildPhase section */

/* Begin PBXShellScriptBuildPhase section */
		02C0D7EBE76652B4E7F88A7A /* [CP] Check Pods Manifest.lock */ = {
			isa = PBXShellScriptBuildPhase;
			buildActionMask = 2147483647;
			files = (
			);
			inputPaths = (
				"${PODS_PODFILE_DIR_PATH}/Podfile.lock",
				"${PODS_ROOT}/Manifest.lock",
			);
			name = "[CP] Check Pods Manifest.lock";
			outputPaths = (
				"$(DERIVED_FILE_DIR)/Pods-Example-checkManifestLockResult.txt",
			);
			runOnlyForDeploymentPostprocessing = 0;
			shellPath = /bin/sh;
			shellScript = "diff \"${PODS_PODFILE_DIR_PATH}/Podfile.lock\" \"${PODS_ROOT}/Manifest.lock\" > /dev/null\nif [ $? != 0 ] ; then\n    # print error to STDERR\n    echo \"error: The sandbox is not in sync with the Podfile.lock. Run 'pod install' or update your CocoaPods installation.\" >&2\n    exit 1\nfi\n# This output is used by Xcode 'outputs' to avoid re-running this script phase.\necho \"SUCCESS\" > \"${SCRIPT_OUTPUT_FILE_0}\"\n";
			showEnvVarsInLog = 0;
		};
		3C29835F5DE0C6DC65FB7414 /* [CP] Embed Pods Frameworks */ = {
			isa = PBXShellScriptBuildPhase;
			buildActionMask = 2147483647;
			files = (
			);
			inputFileListPaths = (
				"${PODS_ROOT}/Target Support Files/Pods-Example/Pods-Example-frameworks-${CONFIGURATION}-input-files.xcfilelist",
			);
			name = "[CP] Embed Pods Frameworks";
			outputFileListPaths = (
				"${PODS_ROOT}/Target Support Files/Pods-Example/Pods-Example-frameworks-${CONFIGURATION}-output-files.xcfilelist",
			);
			runOnlyForDeploymentPostprocessing = 0;
			shellPath = /bin/sh;
			shellScript = "\"${PODS_ROOT}/Target Support Files/Pods-Example/Pods-Example-frameworks.sh\"\n";
			showEnvVarsInLog = 0;
		};
/* End PBXShellScriptBuildPhase section */

/* Begin PBXSourcesBuildPhase section */
		3DDEFB5D2192D35600484795 /* Sources */ = {
			isa = PBXSourcesBuildPhase;
			buildActionMask = 2147483647;
			files = (
				3D40B8B52192E20C00FE7228 /* ViewController.swift in Sources */,
				3D40B8F02192E20C00FE7228 /* QImageRightCell.swift in Sources */,
				3D3854B121B4E12F00435B31 /* UIChatInput.swift in Sources */,
				3D3854AB21B4E03600435B31 /* UIChatListViewController.swift in Sources */,
				3D40B8C92192E20C00FE7228 /* CustomChatInput.swift in Sources */,
				3D40B8D32192E20C00FE7228 /* QImageLeftCell.swift in Sources */,
				3DFA438A23D5681A00FD8505 /* CustomChatInput2.swift in Sources */,
				3DFA437C23D562F900FD8505 /* UIChatViewController2.swift in Sources */,
				3D40B8FF2192E20C00FE7228 /* QiscusTextConfiguration.swift in Sources */,
				3D40B8AD2192E20C00FE7228 /* QExtensionUICore.swift in Sources */,
				3D40B8E62192E20C00FE7228 /* QSystemCell.swift in Sources */,
				3D3854A421B4DE6600435B31 /* UIChatNavigation.swift in Sources */,
				3DCF6A3A2199277F00C108E6 /* LoginViewController.swift in Sources */,
				3D40B9002192E20C00FE7228 /* ColorConfiguration.swift in Sources */,
				3DAF2A3C222E77B60002B4E3 /* EditRoomNameVC.swift in Sources */,
				3D80B2B7221BDBE80053280C /* CreateGroupInfoVC.swift in Sources */,
				3D4A7A3923D18BF90029ED28 /* QiscusCoreManager.swift in Sources */,
				3D40B8B62192E20C00FE7228 /* NavigationBar.swift in Sources */,
				3D3854A321B4DE6600435B31 /* UIChatPresenter.swift in Sources */,
				3D80B2AF221BB4770053280C /* CreateNewGroupVC.swift in Sources */,
				3DAF2A38222E62850002B4E3 /* RoomInfoVC.swift in Sources */,
				3D40B8AF2192E20C00FE7228 /* QUIBaseChatCell.swift in Sources */,
				3D3854B621B4E34800435B31 /* UIChatListViewCell.swift in Sources */,
				3DFA438B23D5681A00FD8505 /* UIChatInput2.swift in Sources */,
				3D3854AD21B4E03600435B31 /* UIChatListPresenter.swift in Sources */,
				3D3854BC21B6409A00435B31 /* EmptyCell.swift in Sources */,
				3DB8E9892408BE9800D766B9 /* CreateChatViewController.swift in Sources */,
				3D4434E9221A71AF009B5CD0 /* ContactCell.swift in Sources */,
				3D40B8B32192E20C00FE7228 /* QMessage.swift in Sources */,
				3D40B8ED2192E20C00FE7228 /* QTextRightCell.swift in Sources */,
				3D5DD760222780E300E39C96 /* ProfileVC.swift in Sources */,
				3DDEFB652192D35600484795 /* AppDelegate.swift in Sources */,
				3D40B8B42192E20C00FE7228 /* UIView.swift in Sources */,
				3D40B8BB2192E20C00FE7228 /* QPopUpView.swift in Sources */,
				3DB8E9842408BDF200D766B9 /* LoginViewController2.swift in Sources */,
				3D40B8FE2192E20C00FE7228 /* AssetsConfiguration.swift in Sources */,
				3D19064923D8408A00425A92 /* UIChatNavigation2.swift in Sources */,
				3DA7C69B221A68A30018A94F /* NewConversationVC.swift in Sources */,
				3D3854A521B4DE6600435B31 /* UIChatViewController.swift in Sources */,
				3D8F0D6122684130000135CA /* UserDefault.swift in Sources */,
				3D819A26221D0BFB00F1B7CA /* UITextField.swift in Sources */,
				3D819A31221E656C00F1B7CA /* QFileRightCell.swift in Sources */,
				3D80B2B4221BB75A0053280C /* ContactSelectCollCell.swift in Sources */,
				3DFA437F23D563D900FD8505 /* UIChatPresenter2.swift in Sources */,
				3D40B8B82192E20C00FE7228 /* UIImage.swift in Sources */,
				3D40B8C62192E20C00FE7228 /* ChatPreviewDocVC.swift in Sources */,
				3DFA438923D5681A00FD8505 /* QiscusUploaderVC2.swift in Sources */,
				3DCF6A3D2199545200C108E6 /* Date.swift in Sources */,
				3D40B8F12192E20C00FE7228 /* QiscusUploaderVC.swift in Sources */,
				3D5DD76422279AA400E39C96 /* EditNameVC.swift in Sources */,
				3D40B9012192E20C00FE7228 /* ChatConfig.swift in Sources */,
				3D40B8D62192E20C00FE7228 /* QTextLeftCell.swift in Sources */,
				3D40B8B72192E20C00FE7228 /* Background.swift in Sources */,
				3D819A2D221E655800F1B7CA /* QFileLeftCell.swift in Sources */,
			);
			runOnlyForDeploymentPostprocessing = 0;
		};
/* End PBXSourcesBuildPhase section */

/* Begin PBXVariantGroup section */
		3DDEFB682192D35600484795 /* Main.storyboard */ = {
			isa = PBXVariantGroup;
			children = (
				3DDEFB692192D35600484795 /* Base */,
			);
			name = Main.storyboard;
			sourceTree = "<group>";
		};
		3DDEFB6D2192D35D00484795 /* LaunchScreen.storyboard */ = {
			isa = PBXVariantGroup;
			children = (
				3DDEFB6E2192D35D00484795 /* Base */,
			);
			name = LaunchScreen.storyboard;
			sourceTree = "<group>";
		};
/* End PBXVariantGroup section */

/* Begin XCBuildConfiguration section */
		3DDEFB712192D35D00484795 /* Debug */ = {
			isa = XCBuildConfiguration;
			buildSettings = {
				ALWAYS_SEARCH_USER_PATHS = NO;
				CLANG_ANALYZER_NONNULL = YES;
				CLANG_ANALYZER_NUMBER_OBJECT_CONVERSION = YES_AGGRESSIVE;
				CLANG_CXX_LANGUAGE_STANDARD = "gnu++14";
				CLANG_CXX_LIBRARY = "libc++";
				CLANG_ENABLE_MODULES = YES;
				CLANG_ENABLE_OBJC_ARC = YES;
				CLANG_ENABLE_OBJC_WEAK = YES;
				CLANG_WARN_BLOCK_CAPTURE_AUTORELEASING = YES;
				CLANG_WARN_BOOL_CONVERSION = YES;
				CLANG_WARN_COMMA = YES;
				CLANG_WARN_CONSTANT_CONVERSION = YES;
				CLANG_WARN_DEPRECATED_OBJC_IMPLEMENTATIONS = YES;
				CLANG_WARN_DIRECT_OBJC_ISA_USAGE = YES_ERROR;
				CLANG_WARN_DOCUMENTATION_COMMENTS = YES;
				CLANG_WARN_EMPTY_BODY = YES;
				CLANG_WARN_ENUM_CONVERSION = YES;
				CLANG_WARN_INFINITE_RECURSION = YES;
				CLANG_WARN_INT_CONVERSION = YES;
				CLANG_WARN_NON_LITERAL_NULL_CONVERSION = YES;
				CLANG_WARN_OBJC_IMPLICIT_RETAIN_SELF = YES;
				CLANG_WARN_OBJC_LITERAL_CONVERSION = YES;
				CLANG_WARN_OBJC_ROOT_CLASS = YES_ERROR;
				CLANG_WARN_RANGE_LOOP_ANALYSIS = YES;
				CLANG_WARN_STRICT_PROTOTYPES = YES;
				CLANG_WARN_SUSPICIOUS_MOVE = YES;
				CLANG_WARN_UNGUARDED_AVAILABILITY = YES_AGGRESSIVE;
				CLANG_WARN_UNREACHABLE_CODE = YES;
				CLANG_WARN__DUPLICATE_METHOD_MATCH = YES;
				CODE_SIGN_IDENTITY = "iPhone Developer";
				COPY_PHASE_STRIP = NO;
				DEBUG_INFORMATION_FORMAT = dwarf;
				ENABLE_STRICT_OBJC_MSGSEND = YES;
				ENABLE_TESTABILITY = YES;
				GCC_C_LANGUAGE_STANDARD = gnu11;
				GCC_DYNAMIC_NO_PIC = NO;
				GCC_NO_COMMON_BLOCKS = YES;
				GCC_OPTIMIZATION_LEVEL = 0;
				GCC_PREPROCESSOR_DEFINITIONS = (
					"DEBUG=1",
					"$(inherited)",
				);
				GCC_WARN_64_TO_32_BIT_CONVERSION = YES;
				GCC_WARN_ABOUT_RETURN_TYPE = YES_ERROR;
				GCC_WARN_UNDECLARED_SELECTOR = YES;
				GCC_WARN_UNINITIALIZED_AUTOS = YES_AGGRESSIVE;
				GCC_WARN_UNUSED_FUNCTION = YES;
				GCC_WARN_UNUSED_VARIABLE = YES;
				IPHONEOS_DEPLOYMENT_TARGET = 13.2;
				MTL_ENABLE_DEBUG_INFO = YES;
				ONLY_ACTIVE_ARCH = YES;
				SDKROOT = iphoneos;
				SWIFT_ACTIVE_COMPILATION_CONDITIONS = DEBUG;
				SWIFT_OPTIMIZATION_LEVEL = "-Onone";
				SWIFT_VERSION = 5.0;
			};
			name = Debug;
		};
		3DDEFB722192D35D00484795 /* Release */ = {
			isa = XCBuildConfiguration;
			buildSettings = {
				ALWAYS_SEARCH_USER_PATHS = NO;
				CLANG_ANALYZER_NONNULL = YES;
				CLANG_ANALYZER_NUMBER_OBJECT_CONVERSION = YES_AGGRESSIVE;
				CLANG_CXX_LANGUAGE_STANDARD = "gnu++14";
				CLANG_CXX_LIBRARY = "libc++";
				CLANG_ENABLE_MODULES = YES;
				CLANG_ENABLE_OBJC_ARC = YES;
				CLANG_ENABLE_OBJC_WEAK = YES;
				CLANG_WARN_BLOCK_CAPTURE_AUTORELEASING = YES;
				CLANG_WARN_BOOL_CONVERSION = YES;
				CLANG_WARN_COMMA = YES;
				CLANG_WARN_CONSTANT_CONVERSION = YES;
				CLANG_WARN_DEPRECATED_OBJC_IMPLEMENTATIONS = YES;
				CLANG_WARN_DIRECT_OBJC_ISA_USAGE = YES_ERROR;
				CLANG_WARN_DOCUMENTATION_COMMENTS = YES;
				CLANG_WARN_EMPTY_BODY = YES;
				CLANG_WARN_ENUM_CONVERSION = YES;
				CLANG_WARN_INFINITE_RECURSION = YES;
				CLANG_WARN_INT_CONVERSION = YES;
				CLANG_WARN_NON_LITERAL_NULL_CONVERSION = YES;
				CLANG_WARN_OBJC_IMPLICIT_RETAIN_SELF = YES;
				CLANG_WARN_OBJC_LITERAL_CONVERSION = YES;
				CLANG_WARN_OBJC_ROOT_CLASS = YES_ERROR;
				CLANG_WARN_RANGE_LOOP_ANALYSIS = YES;
				CLANG_WARN_STRICT_PROTOTYPES = YES;
				CLANG_WARN_SUSPICIOUS_MOVE = YES;
				CLANG_WARN_UNGUARDED_AVAILABILITY = YES_AGGRESSIVE;
				CLANG_WARN_UNREACHABLE_CODE = YES;
				CLANG_WARN__DUPLICATE_METHOD_MATCH = YES;
				CODE_SIGN_IDENTITY = "iPhone Developer";
				COPY_PHASE_STRIP = NO;
				DEBUG_INFORMATION_FORMAT = "dwarf-with-dsym";
				ENABLE_NS_ASSERTIONS = NO;
				ENABLE_STRICT_OBJC_MSGSEND = YES;
				GCC_C_LANGUAGE_STANDARD = gnu11;
				GCC_NO_COMMON_BLOCKS = YES;
				GCC_WARN_64_TO_32_BIT_CONVERSION = YES;
				GCC_WARN_ABOUT_RETURN_TYPE = YES_ERROR;
				GCC_WARN_UNDECLARED_SELECTOR = YES;
				GCC_WARN_UNINITIALIZED_AUTOS = YES_AGGRESSIVE;
				GCC_WARN_UNUSED_FUNCTION = YES;
				GCC_WARN_UNUSED_VARIABLE = YES;
				IPHONEOS_DEPLOYMENT_TARGET = 13.2;
				MTL_ENABLE_DEBUG_INFO = NO;
				SDKROOT = iphoneos;
				SWIFT_COMPILATION_MODE = wholemodule;
				SWIFT_OPTIMIZATION_LEVEL = "-O";
				SWIFT_VERSION = 5.0;
				VALIDATE_PRODUCT = YES;
			};
			name = Release;
		};
		3DDEFB742192D35D00484795 /* Debug */ = {
			isa = XCBuildConfiguration;
			baseConfigurationReference = C02BD24DCE9BA0B6E0BC7700 /* Pods-Example.debug.xcconfig */;
			buildSettings = {
				ASSETCATALOG_COMPILER_APPICON_NAME = AppIcon;
				CODE_SIGN_ENTITLEMENTS = Example/Qiscus.entitlements;
				CODE_SIGN_STYLE = Manual;
				CURRENT_PROJECT_VERSION = 8;
				DEVELOPMENT_TEAM = QG8KA4P8TE;
				INFOPLIST_FILE = Example/Info.plist;
				IPHONEOS_DEPLOYMENT_TARGET = 10.0;
				LD_RUNPATH_SEARCH_PATHS = (
					"$(inherited)",
					"@executable_path/Frameworks",
				);
				PRODUCT_BUNDLE_IDENTIFIER = com.qiscus.sdk.sample;
				PRODUCT_NAME = Qiscus;
				PROVISIONING_PROFILE_SPECIFIER = SDKCoreSampleDev;
				SWIFT_VERSION = 5.0;
				TARGETED_DEVICE_FAMILY = 1;
			};
			name = Debug;
		};
		3DDEFB752192D35D00484795 /* Release */ = {
			isa = XCBuildConfiguration;
			baseConfigurationReference = C5AD7F688AE45942F951EE04 /* Pods-Example.release.xcconfig */;
			buildSettings = {
				ASSETCATALOG_COMPILER_APPICON_NAME = AppIcon;
				CODE_SIGN_ENTITLEMENTS = Example/Qiscus.entitlements;
				CODE_SIGN_STYLE = Manual;
				CURRENT_PROJECT_VERSION = 8;
				DEVELOPMENT_TEAM = QG8KA4P8TE;
				INFOPLIST_FILE = Example/Info.plist;
				IPHONEOS_DEPLOYMENT_TARGET = 10.0;
				LD_RUNPATH_SEARCH_PATHS = (
					"$(inherited)",
					"@executable_path/Frameworks",
				);
				PRODUCT_BUNDLE_IDENTIFIER = com.qiscus.sdk.sample;
				PRODUCT_NAME = Qiscus;
				PROVISIONING_PROFILE_SPECIFIER = SDKCoreSampleDev;
				SWIFT_VERSION = 5.0;
				TARGETED_DEVICE_FAMILY = 1;
			};
			name = Release;
		};
/* End XCBuildConfiguration section */

/* Begin XCConfigurationList section */
		3DDEFB5C2192D35600484795 /* Build configuration list for PBXProject "Example" */ = {
			isa = XCConfigurationList;
			buildConfigurations = (
				3DDEFB712192D35D00484795 /* Debug */,
				3DDEFB722192D35D00484795 /* Release */,
			);
			defaultConfigurationIsVisible = 0;
			defaultConfigurationName = Release;
		};
		3DDEFB732192D35D00484795 /* Build configuration list for PBXNativeTarget "Example" */ = {
			isa = XCConfigurationList;
			buildConfigurations = (
				3DDEFB742192D35D00484795 /* Debug */,
				3DDEFB752192D35D00484795 /* Release */,
			);
			defaultConfigurationIsVisible = 0;
			defaultConfigurationName = Release;
		};
/* End XCConfigurationList section */
	};
	rootObject = 3DDEFB592192D35600484795 /* Project object */;
}
