{
  "pins" : [
    {
      "identity" : "alamofire",
      "kind" : "remoteSourceControl",
      "location" : "https://github.com/Alamofire/Alamofire",
      "state" : {
        "revision" : "d120af1e8638c7da36c8481fd61a66c0c08dc4fc",
        "version" : "5.4.4"
      }
    },
    {
      "identity" : "alamofireimage",
      "kind" : "remoteSourceControl",
      "location" : "https://github.com/Alamofire/AlamofireImage",
      "state" : {
        "revision" : "98cbb00ce0ec5fc8e52a5b50a6bfc08d3e5aee10",
        "version" : "4.2.0"
      }
    },
    {
      "identity" : "cocoamqtt",
      "kind" : "remoteSourceControl",
      "location" : "https://github.com/emqx/CocoaMQTT.git",
      "state" : {
        "revision" : "354938b60768d257b34e7e4451a33fd31148da6e",
        "version" : "2.0.9"
      }
    },
    {
      "identity" : "libwebp-xcode",
      "kind" : "remoteSourceControl",
      "location" : "https://github.com/SDWebImage/libwebp-Xcode.git",
      "state" : {
        "revision" : "0f3bdb28a1edc5e8e43876d3835d20c601ef331f",
        "version" : "1.2.3"
      }
    },
    {
      "identity" : "mqttcocoaasyncsocket",
      "kind" : "remoteSourceControl",
      "location" : "https://github.com/leeway1208/MqttCocoaAsyncSocket",
      "state" : {
        "revision" : "ce3e18607fd01079495f86ff6195d8a3ca469f73",
        "version" : "1.0.8"
      }
    },
    {
      "identity" : "qiscuscore-ios",
      "kind" : "remoteSourceControl",
      "location" : "https://github.com/qiscus/QiscusCore-iOS",
      "state" : {
        "branch" : "master",
        "revision" : "961af8f0abecc445cfff94442e833f01523fffa3"
      }
    },
    {
      "identity" : "qiscusrealtime-ios",
      "kind" : "remoteSourceControl",
      "location" : "https://github.com/qiscus/QiscusRealtime-iOS.git",
      "state" : {
        "revision" : "fb6cb211a00047ecfa454fa48a1b7241c2a011f1",
        "version" : "1.6.1"
      }
    },
    {
      "identity" : "sdwebimage",
      "kind" : "remoteSourceControl",
      "location" : "https://github.com/SDWebImage/SDWebImage",
      "state" : {
        "branch" : "master",
        "revision" : "3e48cb68d8e668d146dc59c73fb98cb628616236"
      }
    },
    {
      "identity" : "sdwebimagewebpcoder",
      "kind" : "remoteSourceControl",
      "location" : "https://github.com/SDWebImage/SDWebImageWebPCoder.git",
      "state" : {
        "branch" : "master",
        "revision" : "4416805045174938b11edb69a86e9f7dd0699952"
      }
    },
    {
      "identity" : "starscream",
      "kind" : "remoteSourceControl",
      "location" : "https://github.com/daltoniam/Starscream.git",
      "state" : {
        "revision" : "a063fda2b8145a231953c20e7a646be254365396",
        "version" : "3.1.2"
      }
    },
    {
      "identity" : "swiftyjson",
      "kind" : "remoteSourceControl",
      "location" : "https://github.com/SwiftyJSON/SwiftyJSON.git",
      "state" : {
        "revision" : "b3dcd7dbd0d488e1a7077cb33b00f2083e382f07",
        "version" : "5.0.1"
      }
    },
    {
      "identity" : "uicircularprogressring",
      "kind" : "remoteSourceControl",
      "location" : "https://github.com/luispadron/UICircularProgressRing",
      "state" : {
        "revision" : "9b6fecc219a31d595ac9b7cd808fa5bc6f2faba6",
        "version" : "6.4.0"
      }
    }
  ],
  "version" : 2
}
